// !$*UTF8*$!
{
	archiveVersion = 1;
	classes = {
	};
	objectVersion = 56;
	objects = {

/* Begin PBXBuildFile section */
		6CEBF6155685F1C4D733209E /* Pods_ToDoListTests.framework in Frameworks */ = {isa = PBXBuildFile; fileRef = E2C622A00EF563B001462721 /* Pods_ToDoListTests.framework */; };
		870A2B1B59C152FACFF252AA /* Pods_ToDoList.framework in Frameworks */ = {isa = PBXBuildFile; fileRef = 5C0EEAE54AB1ADFEDC72F38B /* Pods_ToDoList.framework */; };
		A4E7AFBD0DE074496AD8A872 /* Pods_ToDoList_ToDoListUITests.framework in Frameworks */ = {isa = PBXBuildFile; fileRef = 03BCABED70422E1536A427C7 /* Pods_ToDoList_ToDoListUITests.framework */; };
		AC3FC3822A4FCF60005313F4 /* CocoaLumberjack in Frameworks */ = {isa = PBXBuildFile; productRef = AC3FC3812A4FCF60005313F4 /* CocoaLumberjack */; };
		AC3FC3842A4FCF60005313F4 /* CocoaLumberjackSwift in Frameworks */ = {isa = PBXBuildFile; productRef = AC3FC3832A4FCF60005313F4 /* CocoaLumberjackSwift */; };
		AC3FC3862A4FCF60005313F4 /* CocoaLumberjackSwiftLogBackend in Frameworks */ = {isa = PBXBuildFile; productRef = AC3FC3852A4FCF60005313F4 /* CocoaLumberjackSwiftLogBackend */; };
		AC3FC38C2A547555005313F4 /* URLSession Extension.swift in Sources */ = {isa = PBXBuildFile; fileRef = AC3FC38B2A547555005313F4 /* URLSession Extension.swift */; };
		AC3FC38F2A589712005313F4 /* Networking.swift in Sources */ = {isa = PBXBuildFile; fileRef = AC3FC38E2A589712005313F4 /* Networking.swift */; };
		AC3FC3912A58978C005313F4 /* Element.swift in Sources */ = {isa = PBXBuildFile; fileRef = AC3FC3902A58978C005313F4 /* Element.swift */; };
		AC4606E82A4DF7E300E01F92 /* CreateNewTuskCell.swift in Sources */ = {isa = PBXBuildFile; fileRef = AC4606E72A4DF7E300E01F92 /* CreateNewTuskCell.swift */; };
		AC4606EA2A4E15BA00E01F92 /* TuskDetailCell.swift in Sources */ = {isa = PBXBuildFile; fileRef = AC4606E92A4E15BA00E01F92 /* TuskDetailCell.swift */; };
		AC4606EC2A4F3B0400E01F92 /* TuskListHeader.swift in Sources */ = {isa = PBXBuildFile; fileRef = AC4606EB2A4F3B0400E01F92 /* TuskListHeader.swift */; };
		AC841FEB2A4476A100C53093 /* TuskDetailController.swift in Sources */ = {isa = PBXBuildFile; fileRef = AC841FEA2A4476A100C53093 /* TuskDetailController.swift */; };
		AC911ADE2A6092AF00E65C37 /* CoreData.xcdatamodeld in Sources */ = {isa = PBXBuildFile; fileRef = AC911ADC2A6092AF00E65C37 /* CoreData.xcdatamodeld */; };
		AC911AE92A60986D00E65C37 /* CoreDataManager.swift in Sources */ = {isa = PBXBuildFile; fileRef = AC911AE82A60986D00E65C37 /* CoreDataManager.swift */; };
		AC911AF42A61B2D000E65C37 /* ToDoItemCoreData+CoreDataProperties.swift in Sources */ = {isa = PBXBuildFile; fileRef = AC911AF22A61B2D000E65C37 /* ToDoItemCoreData+CoreDataProperties.swift */; };
		AC911AF52A61B2D000E65C37 /* ToDoItemCoreData+CoreDataClass.swift in Sources */ = {isa = PBXBuildFile; fileRef = AC911AF32A61B2D000E65C37 /* ToDoItemCoreData+CoreDataClass.swift */; };
		AC911AFB2A61D4DC00E65C37 /* SQLiteManager.swift in Sources */ = {isa = PBXBuildFile; fileRef = AC911AFA2A61D4DC00E65C37 /* SQLiteManager.swift */; };
		AC911AFE2A61D55900E65C37 /* SQLite in Frameworks */ = {isa = PBXBuildFile; productRef = AC911AFD2A61D55900E65C37 /* SQLite */; };
		AC911B012A62246D00E65C37 /* ToDoItem Extension.swift in Sources */ = {isa = PBXBuildFile; fileRef = AC911AF62A61C23200E65C37 /* ToDoItem Extension.swift */; };
		ACBA07D32A3728D500504F68 /* AppDelegate.swift in Sources */ = {isa = PBXBuildFile; fileRef = ACBA07D22A3728D500504F68 /* AppDelegate.swift */; };
		ACBA07D52A3728D500504F68 /* SceneDelegate.swift in Sources */ = {isa = PBXBuildFile; fileRef = ACBA07D42A3728D500504F68 /* SceneDelegate.swift */; };
		ACBA07D72A3728D500504F68 /* ViewController.swift in Sources */ = {isa = PBXBuildFile; fileRef = ACBA07D62A3728D500504F68 /* ViewController.swift */; };
		ACBA07DA2A3728D500504F68 /* Main.storyboard in Resources */ = {isa = PBXBuildFile; fileRef = ACBA07D82A3728D500504F68 /* Main.storyboard */; };
		ACBA07DC2A3728D600504F68 /* Assets.xcassets in Resources */ = {isa = PBXBuildFile; fileRef = ACBA07DB2A3728D600504F68 /* Assets.xcassets */; };
		ACBA07DF2A3728D600504F68 /* LaunchScreen.storyboard in Resources */ = {isa = PBXBuildFile; fileRef = ACBA07DD2A3728D600504F68 /* LaunchScreen.storyboard */; };
		ACBA07EA2A3728D600504F68 /* ToDoListTests.swift in Sources */ = {isa = PBXBuildFile; fileRef = ACBA07E92A3728D600504F68 /* ToDoListTests.swift */; };
		ACBA07F42A3728D600504F68 /* ToDoListUITests.swift in Sources */ = {isa = PBXBuildFile; fileRef = ACBA07F32A3728D600504F68 /* ToDoListUITests.swift */; };
		ACBA07F62A3728D600504F68 /* ToDoListUITestsLaunchTests.swift in Sources */ = {isa = PBXBuildFile; fileRef = ACBA07F52A3728D600504F68 /* ToDoListUITestsLaunchTests.swift */; };
		ACBA08032A3728FF00504F68 /* TodoItem.swift in Sources */ = {isa = PBXBuildFile; fileRef = ACBA08022A3728FF00504F68 /* TodoItem.swift */; };
		ACCEA1292A45C36C0014BC8C /* FirstTableViewCell.swift in Sources */ = {isa = PBXBuildFile; fileRef = ACCEA1272A45C36C0014BC8C /* FirstTableViewCell.swift */; };
		ACCEA12A2A45C36C0014BC8C /* FirstTableViewCell.xib in Resources */ = {isa = PBXBuildFile; fileRef = ACCEA1282A45C36C0014BC8C /* FirstTableViewCell.xib */; };
		ACCEA12D2A45C3980014BC8C /* SecondTableViewCell.swift in Sources */ = {isa = PBXBuildFile; fileRef = ACCEA12B2A45C3980014BC8C /* SecondTableViewCell.swift */; };
		ACCEA12E2A45C3980014BC8C /* SecondTableViewCell.xib in Resources */ = {isa = PBXBuildFile; fileRef = ACCEA12C2A45C3980014BC8C /* SecondTableViewCell.xib */; };
		ACCEA1312A45C3BF0014BC8C /* ThirdTableViewCell.swift in Sources */ = {isa = PBXBuildFile; fileRef = ACCEA12F2A45C3BF0014BC8C /* ThirdTableViewCell.swift */; };
		ACCEA1322A45C3BF0014BC8C /* ThirdTableViewCell.xib in Resources */ = {isa = PBXBuildFile; fileRef = ACCEA1302A45C3BF0014BC8C /* ThirdTableViewCell.xib */; };
/* End PBXBuildFile section */

/* Begin PBXContainerItemProxy section */
		ACBA07E62A3728D600504F68 /* PBXContainerItemProxy */ = {
			isa = PBXContainerItemProxy;
			containerPortal = ACBA07C72A3728D500504F68 /* Project object */;
			proxyType = 1;
			remoteGlobalIDString = ACBA07CE2A3728D500504F68;
			remoteInfo = ToDoList;
		};
		ACBA07F02A3728D600504F68 /* PBXContainerItemProxy */ = {
			isa = PBXContainerItemProxy;
			containerPortal = ACBA07C72A3728D500504F68 /* Project object */;
			proxyType = 1;
			remoteGlobalIDString = ACBA07CE2A3728D500504F68;
			remoteInfo = ToDoList;
		};
/* End PBXContainerItemProxy section */

/* Begin PBXFileReference section */
		03BCABED70422E1536A427C7 /* Pods_ToDoList_ToDoListUITests.framework */ = {isa = PBXFileReference; explicitFileType = wrapper.framework; includeInIndex = 0; path = Pods_ToDoList_ToDoListUITests.framework; sourceTree = BUILT_PRODUCTS_DIR; };
		1A6B566F60DB1FBDED55E111 /* Pods-ToDoList-ToDoListUITests.debug.xcconfig */ = {isa = PBXFileReference; includeInIndex = 1; lastKnownFileType = text.xcconfig; name = "Pods-ToDoList-ToDoListUITests.debug.xcconfig"; path = "Target Support Files/Pods-ToDoList-ToDoListUITests/Pods-ToDoList-ToDoListUITests.debug.xcconfig"; sourceTree = "<group>"; };
		246B3745F52CF5B8CA968171 /* Pods-ToDoList.release.xcconfig */ = {isa = PBXFileReference; includeInIndex = 1; lastKnownFileType = text.xcconfig; name = "Pods-ToDoList.release.xcconfig"; path = "Target Support Files/Pods-ToDoList/Pods-ToDoList.release.xcconfig"; sourceTree = "<group>"; };
		48DE3D9E1D51CE64D6A71C18 /* Pods-ToDoListTests.release.xcconfig */ = {isa = PBXFileReference; includeInIndex = 1; lastKnownFileType = text.xcconfig; name = "Pods-ToDoListTests.release.xcconfig"; path = "Target Support Files/Pods-ToDoListTests/Pods-ToDoListTests.release.xcconfig"; sourceTree = "<group>"; };
		5AFB1EEB46022ADCFE7F42AF /* Pods-ToDoList.debug.xcconfig */ = {isa = PBXFileReference; includeInIndex = 1; lastKnownFileType = text.xcconfig; name = "Pods-ToDoList.debug.xcconfig"; path = "Target Support Files/Pods-ToDoList/Pods-ToDoList.debug.xcconfig"; sourceTree = "<group>"; };
		5C0EEAE54AB1ADFEDC72F38B /* Pods_ToDoList.framework */ = {isa = PBXFileReference; explicitFileType = wrapper.framework; includeInIndex = 0; path = Pods_ToDoList.framework; sourceTree = BUILT_PRODUCTS_DIR; };
		A6768EB2B1819030EEE53DAE /* Pods-ToDoList-ToDoListUITests.release.xcconfig */ = {isa = PBXFileReference; includeInIndex = 1; lastKnownFileType = text.xcconfig; name = "Pods-ToDoList-ToDoListUITests.release.xcconfig"; path = "Target Support Files/Pods-ToDoList-ToDoListUITests/Pods-ToDoList-ToDoListUITests.release.xcconfig"; sourceTree = "<group>"; };
		AC3FC38B2A547555005313F4 /* URLSession Extension.swift */ = {isa = PBXFileReference; lastKnownFileType = sourcecode.swift; path = "URLSession Extension.swift"; sourceTree = "<group>"; };
		AC3FC38E2A589712005313F4 /* Networking.swift */ = {isa = PBXFileReference; lastKnownFileType = sourcecode.swift; path = Networking.swift; sourceTree = "<group>"; };
		AC3FC3902A58978C005313F4 /* Element.swift */ = {isa = PBXFileReference; lastKnownFileType = sourcecode.swift; path = Element.swift; sourceTree = "<group>"; };
		AC4606E72A4DF7E300E01F92 /* CreateNewTuskCell.swift */ = {isa = PBXFileReference; lastKnownFileType = sourcecode.swift; path = CreateNewTuskCell.swift; sourceTree = "<group>"; };
		AC4606E92A4E15BA00E01F92 /* TuskDetailCell.swift */ = {isa = PBXFileReference; lastKnownFileType = sourcecode.swift; path = TuskDetailCell.swift; sourceTree = "<group>"; };
		AC4606EB2A4F3B0400E01F92 /* TuskListHeader.swift */ = {isa = PBXFileReference; lastKnownFileType = sourcecode.swift; path = TuskListHeader.swift; sourceTree = "<group>"; };
		AC841FEA2A4476A100C53093 /* TuskDetailController.swift */ = {isa = PBXFileReference; lastKnownFileType = sourcecode.swift; path = TuskDetailController.swift; sourceTree = "<group>"; };
		AC911ADD2A6092AF00E65C37 /* CoreData.xcdatamodel */ = {isa = PBXFileReference; lastKnownFileType = wrapper.xcdatamodel; path = CoreData.xcdatamodel; sourceTree = "<group>"; };
		AC911AE82A60986D00E65C37 /* CoreDataManager.swift */ = {isa = PBXFileReference; lastKnownFileType = sourcecode.swift; path = CoreDataManager.swift; sourceTree = "<group>"; };
		AC911AF22A61B2D000E65C37 /* ToDoItemCoreData+CoreDataProperties.swift */ = {isa = PBXFileReference; lastKnownFileType = sourcecode.swift; name = "ToDoItemCoreData+CoreDataProperties.swift"; path = "/Users/artem/Desktop/Xcode Projects/ToDoList/Persistence/ToDoItemCoreData+CoreDataProperties.swift"; sourceTree = "<absolute>"; };
		AC911AF32A61B2D000E65C37 /* ToDoItemCoreData+CoreDataClass.swift */ = {isa = PBXFileReference; lastKnownFileType = sourcecode.swift; name = "ToDoItemCoreData+CoreDataClass.swift"; path = "/Users/artem/Desktop/Xcode Projects/ToDoList/Persistence/ToDoItemCoreData+CoreDataClass.swift"; sourceTree = "<absolute>"; };
		AC911AF62A61C23200E65C37 /* ToDoItem Extension.swift */ = {isa = PBXFileReference; lastKnownFileType = sourcecode.swift; path = "ToDoItem Extension.swift"; sourceTree = "<group>"; };
		AC911AFA2A61D4DC00E65C37 /* SQLiteManager.swift */ = {isa = PBXFileReference; lastKnownFileType = sourcecode.swift; path = SQLiteManager.swift; sourceTree = "<group>"; };
		ACBA07CF2A3728D500504F68 /* ToDoList.app */ = {isa = PBXFileReference; explicitFileType = wrapper.application; includeInIndex = 0; path = ToDoList.app; sourceTree = BUILT_PRODUCTS_DIR; };
		ACBA07D22A3728D500504F68 /* AppDelegate.swift */ = {isa = PBXFileReference; lastKnownFileType = sourcecode.swift; path = AppDelegate.swift; sourceTree = "<group>"; };
		ACBA07D42A3728D500504F68 /* SceneDelegate.swift */ = {isa = PBXFileReference; lastKnownFileType = sourcecode.swift; path = SceneDelegate.swift; sourceTree = "<group>"; };
		ACBA07D62A3728D500504F68 /* ViewController.swift */ = {isa = PBXFileReference; lastKnownFileType = sourcecode.swift; path = ViewController.swift; sourceTree = "<group>"; };
		ACBA07D92A3728D500504F68 /* Base */ = {isa = PBXFileReference; lastKnownFileType = file.storyboard; name = Base; path = Base.lproj/Main.storyboard; sourceTree = "<group>"; };
		ACBA07DB2A3728D600504F68 /* Assets.xcassets */ = {isa = PBXFileReference; lastKnownFileType = folder.assetcatalog; path = Assets.xcassets; sourceTree = "<group>"; };
		ACBA07DE2A3728D600504F68 /* Base */ = {isa = PBXFileReference; lastKnownFileType = file.storyboard; name = Base; path = Base.lproj/LaunchScreen.storyboard; sourceTree = "<group>"; };
		ACBA07E02A3728D600504F68 /* Info.plist */ = {isa = PBXFileReference; lastKnownFileType = text.plist.xml; path = Info.plist; sourceTree = "<group>"; };
		ACBA07E52A3728D600504F68 /* ToDoListTests.xctest */ = {isa = PBXFileReference; explicitFileType = wrapper.cfbundle; includeInIndex = 0; path = ToDoListTests.xctest; sourceTree = BUILT_PRODUCTS_DIR; };
		ACBA07E92A3728D600504F68 /* ToDoListTests.swift */ = {isa = PBXFileReference; lastKnownFileType = sourcecode.swift; path = ToDoListTests.swift; sourceTree = "<group>"; };
		ACBA07EF2A3728D600504F68 /* ToDoListUITests.xctest */ = {isa = PBXFileReference; explicitFileType = wrapper.cfbundle; includeInIndex = 0; path = ToDoListUITests.xctest; sourceTree = BUILT_PRODUCTS_DIR; };
		ACBA07F32A3728D600504F68 /* ToDoListUITests.swift */ = {isa = PBXFileReference; lastKnownFileType = sourcecode.swift; path = ToDoListUITests.swift; sourceTree = "<group>"; };
		ACBA07F52A3728D600504F68 /* ToDoListUITestsLaunchTests.swift */ = {isa = PBXFileReference; lastKnownFileType = sourcecode.swift; path = ToDoListUITestsLaunchTests.swift; sourceTree = "<group>"; };
		ACBA08022A3728FF00504F68 /* TodoItem.swift */ = {isa = PBXFileReference; lastKnownFileType = sourcecode.swift; path = TodoItem.swift; sourceTree = "<group>"; };
		ACCEA1272A45C36C0014BC8C /* FirstTableViewCell.swift */ = {isa = PBXFileReference; lastKnownFileType = sourcecode.swift; path = FirstTableViewCell.swift; sourceTree = "<group>"; };
		ACCEA1282A45C36C0014BC8C /* FirstTableViewCell.xib */ = {isa = PBXFileReference; lastKnownFileType = file.xib; path = FirstTableViewCell.xib; sourceTree = "<group>"; };
		ACCEA12B2A45C3980014BC8C /* SecondTableViewCell.swift */ = {isa = PBXFileReference; lastKnownFileType = sourcecode.swift; path = SecondTableViewCell.swift; sourceTree = "<group>"; };
		ACCEA12C2A45C3980014BC8C /* SecondTableViewCell.xib */ = {isa = PBXFileReference; lastKnownFileType = file.xib; path = SecondTableViewCell.xib; sourceTree = "<group>"; };
		ACCEA12F2A45C3BF0014BC8C /* ThirdTableViewCell.swift */ = {isa = PBXFileReference; lastKnownFileType = sourcecode.swift; path = ThirdTableViewCell.swift; sourceTree = "<group>"; };
		ACCEA1302A45C3BF0014BC8C /* ThirdTableViewCell.xib */ = {isa = PBXFileReference; lastKnownFileType = file.xib; path = ThirdTableViewCell.xib; sourceTree = "<group>"; };
		E2C622A00EF563B001462721 /* Pods_ToDoListTests.framework */ = {isa = PBXFileReference; explicitFileType = wrapper.framework; includeInIndex = 0; path = Pods_ToDoListTests.framework; sourceTree = BUILT_PRODUCTS_DIR; };
		F1D7E9F17FA3F87680E923AC /* Pods-ToDoListTests.debug.xcconfig */ = {isa = PBXFileReference; includeInIndex = 1; lastKnownFileType = text.xcconfig; name = "Pods-ToDoListTests.debug.xcconfig"; path = "Target Support Files/Pods-ToDoListTests/Pods-ToDoListTests.debug.xcconfig"; sourceTree = "<group>"; };
/* End PBXFileReference section */

/* Begin PBXFrameworksBuildPhase section */
		ACBA07CC2A3728D500504F68 /* Frameworks */ = {
			isa = PBXFrameworksBuildPhase;
			buildActionMask = 2147483647;
			files = (
				AC911AFE2A61D55900E65C37 /* SQLite in Frameworks */,
				AC3FC3842A4FCF60005313F4 /* CocoaLumberjackSwift in Frameworks */,
				AC3FC3862A4FCF60005313F4 /* CocoaLumberjackSwiftLogBackend in Frameworks */,
				AC3FC3822A4FCF60005313F4 /* CocoaLumberjack in Frameworks */,
				870A2B1B59C152FACFF252AA /* Pods_ToDoList.framework in Frameworks */,
			);
			runOnlyForDeploymentPostprocessing = 0;
		};
		ACBA07E22A3728D600504F68 /* Frameworks */ = {
			isa = PBXFrameworksBuildPhase;
			buildActionMask = 2147483647;
			files = (
				6CEBF6155685F1C4D733209E /* Pods_ToDoListTests.framework in Frameworks */,
			);
			runOnlyForDeploymentPostprocessing = 0;
		};
		ACBA07EC2A3728D600504F68 /* Frameworks */ = {
			isa = PBXFrameworksBuildPhase;
			buildActionMask = 2147483647;
			files = (
				A4E7AFBD0DE074496AD8A872 /* Pods_ToDoList_ToDoListUITests.framework in Frameworks */,
			);
			runOnlyForDeploymentPostprocessing = 0;
		};
/* End PBXFrameworksBuildPhase section */

/* Begin PBXGroup section */
		39C57937985F51EE6154BC7F /* Pods */ = {
			isa = PBXGroup;
			children = (
				5AFB1EEB46022ADCFE7F42AF /* Pods-ToDoList.debug.xcconfig */,
				246B3745F52CF5B8CA968171 /* Pods-ToDoList.release.xcconfig */,
				1A6B566F60DB1FBDED55E111 /* Pods-ToDoList-ToDoListUITests.debug.xcconfig */,
				A6768EB2B1819030EEE53DAE /* Pods-ToDoList-ToDoListUITests.release.xcconfig */,
				F1D7E9F17FA3F87680E923AC /* Pods-ToDoListTests.debug.xcconfig */,
				48DE3D9E1D51CE64D6A71C18 /* Pods-ToDoListTests.release.xcconfig */,
			);
			path = Pods;
			sourceTree = "<group>";
		};
		AC3FC38A2A5474DC005313F4 /* URLSession Extension */ = {
			isa = PBXGroup;
			children = (
				AC3FC38B2A547555005313F4 /* URLSession Extension.swift */,
			);
			path = "URLSession Extension";
			sourceTree = "<group>";
		};
		AC3FC38D2A589702005313F4 /* Networking */ = {
			isa = PBXGroup;
			children = (
				AC3FC38E2A589712005313F4 /* Networking.swift */,
				AC3FC3902A58978C005313F4 /* Element.swift */,
			);
			path = Networking;
			sourceTree = "<group>";
		};
		AC4606E62A4DF79000E01F92 /* New Group */ = {
			isa = PBXGroup;
			children = (
				AC4606E72A4DF7E300E01F92 /* CreateNewTuskCell.swift */,
				AC4606E92A4E15BA00E01F92 /* TuskDetailCell.swift */,
				AC4606EB2A4F3B0400E01F92 /* TuskListHeader.swift */,
			);
			path = "New Group";
			sourceTree = "<group>";
		};
		AC6FCD702A44859B00B6A4D4 /* TuskDetail */ = {
			isa = PBXGroup;
			children = (
				AC4606E62A4DF79000E01F92 /* New Group */,
				AC841FEA2A4476A100C53093 /* TuskDetailController.swift */,
				ACCEA1332A45C3C50014BC8C /* DetailTableViewCell */,
			);
			path = TuskDetail;
			sourceTree = "<group>";
		};
		AC6FCD712A4485D400B6A4D4 /* Resources */ = {
			isa = PBXGroup;
			children = (
				ACBA07DB2A3728D600504F68 /* Assets.xcassets */,
				ACBA07DD2A3728D600504F68 /* LaunchScreen.storyboard */,
			);
			path = Resources;
			sourceTree = "<group>";
		};
		AC6FCD722A44860400B6A4D4 /* Application */ = {
			isa = PBXGroup;
			children = (
				ACBA07D22A3728D500504F68 /* AppDelegate.swift */,
				ACBA07D42A3728D500504F68 /* SceneDelegate.swift */,
			);
			path = Application;
			sourceTree = "<group>";
		};
		AC6FCD732A44863400B6A4D4 /* Model */ = {
			isa = PBXGroup;
			children = (
				ACBA08022A3728FF00504F68 /* TodoItem.swift */,
			);
			path = Model;
			sourceTree = "<group>";
		};
		AC6FCD742A44865800B6A4D4 /* Main */ = {
			isa = PBXGroup;
			children = (
				ACBA07D62A3728D500504F68 /* ViewController.swift */,
				ACBA07D82A3728D500504F68 /* Main.storyboard */,
			);
			path = Main;
			sourceTree = "<group>";
		};
		AC911ADF2A60949800E65C37 /* Persistence */ = {
			isa = PBXGroup;
			children = (
				AC911AF32A61B2D000E65C37 /* ToDoItemCoreData+CoreDataClass.swift */,
				AC911AF22A61B2D000E65C37 /* ToDoItemCoreData+CoreDataProperties.swift */,
				AC911ADC2A6092AF00E65C37 /* CoreData.xcdatamodeld */,
				AC911AE82A60986D00E65C37 /* CoreDataManager.swift */,
				AC911AF62A61C23200E65C37 /* ToDoItem Extension.swift */,
				AC911AFA2A61D4DC00E65C37 /* SQLiteManager.swift */,
			);
			path = Persistence;
			sourceTree = "<group>";
		};
		ACBA07C62A3728D500504F68 = {
			isa = PBXGroup;
			children = (
				AC911ADF2A60949800E65C37 /* Persistence */,
				ACBA07D12A3728D500504F68 /* ToDoList */,
				AC3FC38D2A589702005313F4 /* Networking */,
				AC3FC38A2A5474DC005313F4 /* URLSession Extension */,
				ACBA07E82A3728D600504F68 /* ToDoListTests */,
				ACBA07F22A3728D600504F68 /* ToDoListUITests */,
				ACBA07D02A3728D500504F68 /* Products */,
				39C57937985F51EE6154BC7F /* Pods */,
				F8E3353086867EDFE4248A15 /* Frameworks */,
			);
			sourceTree = "<group>";
		};
		ACBA07D02A3728D500504F68 /* Products */ = {
			isa = PBXGroup;
			children = (
				ACBA07CF2A3728D500504F68 /* ToDoList.app */,
				ACBA07E52A3728D600504F68 /* ToDoListTests.xctest */,
				ACBA07EF2A3728D600504F68 /* ToDoListUITests.xctest */,
			);
			name = Products;
			sourceTree = "<group>";
		};
		ACBA07D12A3728D500504F68 /* ToDoList */ = {
			isa = PBXGroup;
			children = (
				ACBA07E02A3728D600504F68 /* Info.plist */,
				AC6FCD722A44860400B6A4D4 /* Application */,
				AC6FCD712A4485D400B6A4D4 /* Resources */,
				AC6FCD702A44859B00B6A4D4 /* TuskDetail */,
				AC6FCD732A44863400B6A4D4 /* Model */,
				AC6FCD742A44865800B6A4D4 /* Main */,
			);
			path = ToDoList;
			sourceTree = "<group>";
		};
		ACBA07E82A3728D600504F68 /* ToDoListTests */ = {
			isa = PBXGroup;
			children = (
				ACBA07E92A3728D600504F68 /* ToDoListTests.swift */,
			);
			path = ToDoListTests;
			sourceTree = "<group>";
		};
		ACBA07F22A3728D600504F68 /* ToDoListUITests */ = {
			isa = PBXGroup;
			children = (
				ACBA07F32A3728D600504F68 /* ToDoListUITests.swift */,
				ACBA07F52A3728D600504F68 /* ToDoListUITestsLaunchTests.swift */,
			);
			path = ToDoListUITests;
			sourceTree = "<group>";
		};
		ACCEA1332A45C3C50014BC8C /* DetailTableViewCell */ = {
			isa = PBXGroup;
			children = (
				ACCEA1272A45C36C0014BC8C /* FirstTableViewCell.swift */,
				ACCEA1282A45C36C0014BC8C /* FirstTableViewCell.xib */,
				ACCEA12B2A45C3980014BC8C /* SecondTableViewCell.swift */,
				ACCEA12C2A45C3980014BC8C /* SecondTableViewCell.xib */,
				ACCEA12F2A45C3BF0014BC8C /* ThirdTableViewCell.swift */,
				ACCEA1302A45C3BF0014BC8C /* ThirdTableViewCell.xib */,
			);
			path = DetailTableViewCell;
			sourceTree = "<group>";
		};
		F8E3353086867EDFE4248A15 /* Frameworks */ = {
			isa = PBXGroup;
			children = (
				5C0EEAE54AB1ADFEDC72F38B /* Pods_ToDoList.framework */,
				03BCABED70422E1536A427C7 /* Pods_ToDoList_ToDoListUITests.framework */,
				E2C622A00EF563B001462721 /* Pods_ToDoListTests.framework */,
			);
			name = Frameworks;
			sourceTree = "<group>";
		};
/* End PBXGroup section */

/* Begin PBXNativeTarget section */
		ACBA07CE2A3728D500504F68 /* ToDoList */ = {
			isa = PBXNativeTarget;
			buildConfigurationList = ACBA07F92A3728D600504F68 /* Build configuration list for PBXNativeTarget "ToDoList" */;
			buildPhases = (
				AC3FC3892A4FDDE7005313F4 /* SwiftLint */,
				1B2ABCA8FA73C53C8B116309 /* [CP] Check Pods Manifest.lock */,
				ACBA07CB2A3728D500504F68 /* Sources */,
				ACBA07CC2A3728D500504F68 /* Frameworks */,
				ACBA07CD2A3728D500504F68 /* Resources */,
			);
			buildRules = (
			);
			dependencies = (
			);
			name = ToDoList;
			packageProductDependencies = (
				AC3FC3812A4FCF60005313F4 /* CocoaLumberjack */,
				AC3FC3832A4FCF60005313F4 /* CocoaLumberjackSwift */,
				AC3FC3852A4FCF60005313F4 /* CocoaLumberjackSwiftLogBackend */,
				AC911AFD2A61D55900E65C37 /* SQLite */,
			);
			productName = ToDoList;
			productReference = ACBA07CF2A3728D500504F68 /* ToDoList.app */;
			productType = "com.apple.product-type.application";
		};
		ACBA07E42A3728D600504F68 /* ToDoListTests */ = {
			isa = PBXNativeTarget;
			buildConfigurationList = ACBA07FC2A3728D600504F68 /* Build configuration list for PBXNativeTarget "ToDoListTests" */;
			buildPhases = (
				8DA4A93CBCF54B10EED378B7 /* [CP] Check Pods Manifest.lock */,
				ACBA07E12A3728D600504F68 /* Sources */,
				ACBA07E22A3728D600504F68 /* Frameworks */,
				ACBA07E32A3728D600504F68 /* Resources */,
			);
			buildRules = (
			);
			dependencies = (
				ACBA07E72A3728D600504F68 /* PBXTargetDependency */,
			);
			name = ToDoListTests;
			productName = ToDoListTests;
			productReference = ACBA07E52A3728D600504F68 /* ToDoListTests.xctest */;
			productType = "com.apple.product-type.bundle.unit-test";
		};
		ACBA07EE2A3728D600504F68 /* ToDoListUITests */ = {
			isa = PBXNativeTarget;
			buildConfigurationList = ACBA07FF2A3728D600504F68 /* Build configuration list for PBXNativeTarget "ToDoListUITests" */;
			buildPhases = (
				1CA388199FD39BBEB6014BC4 /* [CP] Check Pods Manifest.lock */,
				ACBA07EB2A3728D600504F68 /* Sources */,
				ACBA07EC2A3728D600504F68 /* Frameworks */,
				ACBA07ED2A3728D600504F68 /* Resources */,
			);
			buildRules = (
			);
			dependencies = (
				ACBA07F12A3728D600504F68 /* PBXTargetDependency */,
			);
			name = ToDoListUITests;
			productName = ToDoListUITests;
			productReference = ACBA07EF2A3728D600504F68 /* ToDoListUITests.xctest */;
			productType = "com.apple.product-type.bundle.ui-testing";
		};
/* End PBXNativeTarget section */

/* Begin PBXProject section */
		ACBA07C72A3728D500504F68 /* Project object */ = {
			isa = PBXProject;
			attributes = {
				BuildIndependentTargetsInParallel = 1;
				LastSwiftUpdateCheck = 1420;
				LastUpgradeCheck = 1420;
				TargetAttributes = {
					ACBA07CE2A3728D500504F68 = {
						CreatedOnToolsVersion = 14.2;
					};
					ACBA07E42A3728D600504F68 = {
						CreatedOnToolsVersion = 14.2;
						TestTargetID = ACBA07CE2A3728D500504F68;
					};
					ACBA07EE2A3728D600504F68 = {
						CreatedOnToolsVersion = 14.2;
						TestTargetID = ACBA07CE2A3728D500504F68;
					};
				};
			};
			buildConfigurationList = ACBA07CA2A3728D500504F68 /* Build configuration list for PBXProject "ToDoList" */;
			compatibilityVersion = "Xcode 14.0";
			developmentRegion = en;
			hasScannedForEncodings = 0;
			knownRegions = (
				en,
				Base,
			);
			mainGroup = ACBA07C62A3728D500504F68;
			packageReferences = (
				AC3FC3802A4FCF60005313F4 /* XCRemoteSwiftPackageReference "CocoaLumberjack" */,
				AC911AFC2A61D55900E65C37 /* XCRemoteSwiftPackageReference "SQLite.swift" */,
			);
			productRefGroup = ACBA07D02A3728D500504F68 /* Products */;
			projectDirPath = "";
			projectRoot = "";
			targets = (
				ACBA07CE2A3728D500504F68 /* ToDoList */,
				ACBA07E42A3728D600504F68 /* ToDoListTests */,
				ACBA07EE2A3728D600504F68 /* ToDoListUITests */,
			);
		};
/* End PBXProject section */

/* Begin PBXResourcesBuildPhase section */
		ACBA07CD2A3728D500504F68 /* Resources */ = {
			isa = PBXResourcesBuildPhase;
			buildActionMask = 2147483647;
			files = (
				ACBA07DF2A3728D600504F68 /* LaunchScreen.storyboard in Resources */,
				ACBA07DC2A3728D600504F68 /* Assets.xcassets in Resources */,
				ACCEA12E2A45C3980014BC8C /* SecondTableViewCell.xib in Resources */,
				ACCEA12A2A45C36C0014BC8C /* FirstTableViewCell.xib in Resources */,
				ACBA07DA2A3728D500504F68 /* Main.storyboard in Resources */,
				ACCEA1322A45C3BF0014BC8C /* ThirdTableViewCell.xib in Resources */,
			);
			runOnlyForDeploymentPostprocessing = 0;
		};
		ACBA07E32A3728D600504F68 /* Resources */ = {
			isa = PBXResourcesBuildPhase;
			buildActionMask = 2147483647;
			files = (
			);
			runOnlyForDeploymentPostprocessing = 0;
		};
		ACBA07ED2A3728D600504F68 /* Resources */ = {
			isa = PBXResourcesBuildPhase;
			buildActionMask = 2147483647;
			files = (
			);
			runOnlyForDeploymentPostprocessing = 0;
		};
/* End PBXResourcesBuildPhase section */

/* Begin PBXShellScriptBuildPhase section */
		1B2ABCA8FA73C53C8B116309 /* [CP] Check Pods Manifest.lock */ = {
			isa = PBXShellScriptBuildPhase;
			buildActionMask = 2147483647;
			files = (
			);
			inputFileListPaths = (
			);
			inputPaths = (
				"${PODS_PODFILE_DIR_PATH}/Podfile.lock",
				"${PODS_ROOT}/Manifest.lock",
			);
			name = "[CP] Check Pods Manifest.lock";
			outputFileListPaths = (
			);
			outputPaths = (
				"$(DERIVED_FILE_DIR)/Pods-ToDoList-checkManifestLockResult.txt",
			);
			runOnlyForDeploymentPostprocessing = 0;
			shellPath = /bin/sh;
			shellScript = "diff \"${PODS_PODFILE_DIR_PATH}/Podfile.lock\" \"${PODS_ROOT}/Manifest.lock\" > /dev/null\nif [ $? != 0 ] ; then\n    # print error to STDERR\n    echo \"error: The sandbox is not in sync with the Podfile.lock. Run 'pod install' or update your CocoaPods installation.\" >&2\n    exit 1\nfi\n# This output is used by Xcode 'outputs' to avoid re-running this script phase.\necho \"SUCCESS\" > \"${SCRIPT_OUTPUT_FILE_0}\"\n";
			showEnvVarsInLog = 0;
		};
		1CA388199FD39BBEB6014BC4 /* [CP] Check Pods Manifest.lock */ = {
			isa = PBXShellScriptBuildPhase;
			buildActionMask = 2147483647;
			files = (
			);
			inputFileListPaths = (
			);
			inputPaths = (
				"${PODS_PODFILE_DIR_PATH}/Podfile.lock",
				"${PODS_ROOT}/Manifest.lock",
			);
			name = "[CP] Check Pods Manifest.lock";
			outputFileListPaths = (
			);
			outputPaths = (
				"$(DERIVED_FILE_DIR)/Pods-ToDoList-ToDoListUITests-checkManifestLockResult.txt",
			);
			runOnlyForDeploymentPostprocessing = 0;
			shellPath = /bin/sh;
			shellScript = "diff \"${PODS_PODFILE_DIR_PATH}/Podfile.lock\" \"${PODS_ROOT}/Manifest.lock\" > /dev/null\nif [ $? != 0 ] ; then\n    # print error to STDERR\n    echo \"error: The sandbox is not in sync with the Podfile.lock. Run 'pod install' or update your CocoaPods installation.\" >&2\n    exit 1\nfi\n# This output is used by Xcode 'outputs' to avoid re-running this script phase.\necho \"SUCCESS\" > \"${SCRIPT_OUTPUT_FILE_0}\"\n";
			showEnvVarsInLog = 0;
		};
		8DA4A93CBCF54B10EED378B7 /* [CP] Check Pods Manifest.lock */ = {
			isa = PBXShellScriptBuildPhase;
			buildActionMask = 2147483647;
			files = (
			);
			inputFileListPaths = (
			);
			inputPaths = (
				"${PODS_PODFILE_DIR_PATH}/Podfile.lock",
				"${PODS_ROOT}/Manifest.lock",
			);
			name = "[CP] Check Pods Manifest.lock";
			outputFileListPaths = (
			);
			outputPaths = (
				"$(DERIVED_FILE_DIR)/Pods-ToDoListTests-checkManifestLockResult.txt",
			);
			runOnlyForDeploymentPostprocessing = 0;
			shellPath = /bin/sh;
			shellScript = "diff \"${PODS_PODFILE_DIR_PATH}/Podfile.lock\" \"${PODS_ROOT}/Manifest.lock\" > /dev/null\nif [ $? != 0 ] ; then\n    # print error to STDERR\n    echo \"error: The sandbox is not in sync with the Podfile.lock. Run 'pod install' or update your CocoaPods installation.\" >&2\n    exit 1\nfi\n# This output is used by Xcode 'outputs' to avoid re-running this script phase.\necho \"SUCCESS\" > \"${SCRIPT_OUTPUT_FILE_0}\"\n";
			showEnvVarsInLog = 0;
		};
		AC3FC3892A4FDDE7005313F4 /* SwiftLint */ = {
			isa = PBXShellScriptBuildPhase;
			buildActionMask = 2147483647;
			files = (
			);
			inputFileListPaths = (
			);
			inputPaths = (
			);
			name = SwiftLint;
			outputFileListPaths = (
			);
			outputPaths = (
			);
			runOnlyForDeploymentPostprocessing = 0;
			shellPath = /bin/sh;
			shellScript = "\"${PODS_ROOT}/SwiftLint/swiftlint\"\n";
		};
/* End PBXShellScriptBuildPhase section */

/* Begin PBXSourcesBuildPhase section */
		ACBA07CB2A3728D500504F68 /* Sources */ = {
			isa = PBXSourcesBuildPhase;
			buildActionMask = 2147483647;
			files = (
				ACCEA1292A45C36C0014BC8C /* FirstTableViewCell.swift in Sources */,
				AC911B012A62246D00E65C37 /* ToDoItem Extension.swift in Sources */,
				AC3FC38C2A547555005313F4 /* URLSession Extension.swift in Sources */,
				AC911ADE2A6092AF00E65C37 /* CoreData.xcdatamodeld in Sources */,
				AC4606EC2A4F3B0400E01F92 /* TuskListHeader.swift in Sources */,
				AC3FC38F2A589712005313F4 /* Networking.swift in Sources */,
				ACCEA1312A45C3BF0014BC8C /* ThirdTableViewCell.swift in Sources */,
				ACBA07D72A3728D500504F68 /* ViewController.swift in Sources */,
				ACBA07D32A3728D500504F68 /* AppDelegate.swift in Sources */,
				AC911AFB2A61D4DC00E65C37 /* SQLiteManager.swift in Sources */,
				AC841FEB2A4476A100C53093 /* TuskDetailController.swift in Sources */,
				AC911AF42A61B2D000E65C37 /* ToDoItemCoreData+CoreDataProperties.swift in Sources */,
				AC4606E82A4DF7E300E01F92 /* CreateNewTuskCell.swift in Sources */,
				ACBA08032A3728FF00504F68 /* TodoItem.swift in Sources */,
				ACCEA12D2A45C3980014BC8C /* SecondTableViewCell.swift in Sources */,
				ACBA07D52A3728D500504F68 /* SceneDelegate.swift in Sources */,
				AC3FC3912A58978C005313F4 /* Element.swift in Sources */,
				AC911AF52A61B2D000E65C37 /* ToDoItemCoreData+CoreDataClass.swift in Sources */,
				AC911AE92A60986D00E65C37 /* CoreDataManager.swift in Sources */,
				AC4606EA2A4E15BA00E01F92 /* TuskDetailCell.swift in Sources */,
			);
			runOnlyForDeploymentPostprocessing = 0;
		};
		ACBA07E12A3728D600504F68 /* Sources */ = {
			isa = PBXSourcesBuildPhase;
			buildActionMask = 2147483647;
			files = (
				ACBA07EA2A3728D600504F68 /* ToDoListTests.swift in Sources */,
			);
			runOnlyForDeploymentPostprocessing = 0;
		};
		ACBA07EB2A3728D600504F68 /* Sources */ = {
			isa = PBXSourcesBuildPhase;
			buildActionMask = 2147483647;
			files = (
				ACBA07F62A3728D600504F68 /* ToDoListUITestsLaunchTests.swift in Sources */,
				ACBA07F42A3728D600504F68 /* ToDoListUITests.swift in Sources */,
			);
			runOnlyForDeploymentPostprocessing = 0;
		};
/* End PBXSourcesBuildPhase section */

/* Begin PBXTargetDependency section */
		ACBA07E72A3728D600504F68 /* PBXTargetDependency */ = {
			isa = PBXTargetDependency;
			target = ACBA07CE2A3728D500504F68 /* ToDoList */;
			targetProxy = ACBA07E62A3728D600504F68 /* PBXContainerItemProxy */;
		};
		ACBA07F12A3728D600504F68 /* PBXTargetDependency */ = {
			isa = PBXTargetDependency;
			target = ACBA07CE2A3728D500504F68 /* ToDoList */;
			targetProxy = ACBA07F02A3728D600504F68 /* PBXContainerItemProxy */;
		};
/* End PBXTargetDependency section */

/* Begin PBXVariantGroup section */
		ACBA07D82A3728D500504F68 /* Main.storyboard */ = {
			isa = PBXVariantGroup;
			children = (
				ACBA07D92A3728D500504F68 /* Base */,
			);
			name = Main.storyboard;
			sourceTree = "<group>";
		};
		ACBA07DD2A3728D600504F68 /* LaunchScreen.storyboard */ = {
			isa = PBXVariantGroup;
			children = (
				ACBA07DE2A3728D600504F68 /* Base */,
			);
			name = LaunchScreen.storyboard;
			sourceTree = "<group>";
		};
/* End PBXVariantGroup section */

/* Begin XCBuildConfiguration section */
		ACBA07F72A3728D600504F68 /* Debug */ = {
			isa = XCBuildConfiguration;
			buildSettings = {
				ALWAYS_SEARCH_USER_PATHS = NO;
				CLANG_ANALYZER_NONNULL = YES;
				CLANG_ANALYZER_NUMBER_OBJECT_CONVERSION = YES_AGGRESSIVE;
				CLANG_CXX_LANGUAGE_STANDARD = "gnu++20";
				CLANG_ENABLE_MODULES = YES;
				CLANG_ENABLE_OBJC_ARC = YES;
				CLANG_ENABLE_OBJC_WEAK = YES;
				CLANG_WARN_BLOCK_CAPTURE_AUTORELEASING = YES;
				CLANG_WARN_BOOL_CONVERSION = YES;
				CLANG_WARN_COMMA = YES;
				CLANG_WARN_CONSTANT_CONVERSION = YES;
				CLANG_WARN_DEPRECATED_OBJC_IMPLEMENTATIONS = YES;
				CLANG_WARN_DIRECT_OBJC_ISA_USAGE = YES_ERROR;
				CLANG_WARN_DOCUMENTATION_COMMENTS = YES;
				CLANG_WARN_EMPTY_BODY = YES;
				CLANG_WARN_ENUM_CONVERSION = YES;
				CLANG_WARN_INFINITE_RECURSION = YES;
				CLANG_WARN_INT_CONVERSION = YES;
				CLANG_WARN_NON_LITERAL_NULL_CONVERSION = YES;
				CLANG_WARN_OBJC_IMPLICIT_RETAIN_SELF = YES;
				CLANG_WARN_OBJC_LITERAL_CONVERSION = YES;
				CLANG_WARN_OBJC_ROOT_CLASS = YES_ERROR;
				CLANG_WARN_QUOTED_INCLUDE_IN_FRAMEWORK_HEADER = YES;
				CLANG_WARN_RANGE_LOOP_ANALYSIS = YES;
				CLANG_WARN_STRICT_PROTOTYPES = YES;
				CLANG_WARN_SUSPICIOUS_MOVE = YES;
				CLANG_WARN_UNGUARDED_AVAILABILITY = YES_AGGRESSIVE;
				CLANG_WARN_UNREACHABLE_CODE = YES;
				CLANG_WARN__DUPLICATE_METHOD_MATCH = YES;
				COPY_PHASE_STRIP = NO;
				DEBUG_INFORMATION_FORMAT = dwarf;
				ENABLE_STRICT_OBJC_MSGSEND = YES;
				ENABLE_TESTABILITY = YES;
				GCC_C_LANGUAGE_STANDARD = gnu11;
				GCC_DYNAMIC_NO_PIC = NO;
				GCC_NO_COMMON_BLOCKS = YES;
				GCC_OPTIMIZATION_LEVEL = 0;
				GCC_PREPROCESSOR_DEFINITIONS = (
					"DEBUG=1",
					"$(inherited)",
				);
				GCC_WARN_64_TO_32_BIT_CONVERSION = YES;
				GCC_WARN_ABOUT_RETURN_TYPE = YES_ERROR;
				GCC_WARN_UNDECLARED_SELECTOR = YES;
				GCC_WARN_UNINITIALIZED_AUTOS = YES_AGGRESSIVE;
				GCC_WARN_UNUSED_FUNCTION = YES;
				GCC_WARN_UNUSED_VARIABLE = YES;
				IPHONEOS_DEPLOYMENT_TARGET = 16.2;
				MTL_ENABLE_DEBUG_INFO = INCLUDE_SOURCE;
				MTL_FAST_MATH = YES;
				ONLY_ACTIVE_ARCH = YES;
				SDKROOT = iphoneos;
				SWIFT_ACTIVE_COMPILATION_CONDITIONS = DEBUG;
				SWIFT_OPTIMIZATION_LEVEL = "-Onone";
			};
			name = Debug;
		};
		ACBA07F82A3728D600504F68 /* Release */ = {
			isa = XCBuildConfiguration;
			buildSettings = {
				ALWAYS_SEARCH_USER_PATHS = NO;
				CLANG_ANALYZER_NONNULL = YES;
				CLANG_ANALYZER_NUMBER_OBJECT_CONVERSION = YES_AGGRESSIVE;
				CLANG_CXX_LANGUAGE_STANDARD = "gnu++20";
				CLANG_ENABLE_MODULES = YES;
				CLANG_ENABLE_OBJC_ARC = YES;
				CLANG_ENABLE_OBJC_WEAK = YES;
				CLANG_WARN_BLOCK_CAPTURE_AUTORELEASING = YES;
				CLANG_WARN_BOOL_CONVERSION = YES;
				CLANG_WARN_COMMA = YES;
				CLANG_WARN_CONSTANT_CONVERSION = YES;
				CLANG_WARN_DEPRECATED_OBJC_IMPLEMENTATIONS = YES;
				CLANG_WARN_DIRECT_OBJC_ISA_USAGE = YES_ERROR;
				CLANG_WARN_DOCUMENTATION_COMMENTS = YES;
				CLANG_WARN_EMPTY_BODY = YES;
				CLANG_WARN_ENUM_CONVERSION = YES;
				CLANG_WARN_INFINITE_RECURSION = YES;
				CLANG_WARN_INT_CONVERSION = YES;
				CLANG_WARN_NON_LITERAL_NULL_CONVERSION = YES;
				CLANG_WARN_OBJC_IMPLICIT_RETAIN_SELF = YES;
				CLANG_WARN_OBJC_LITERAL_CONVERSION = YES;
				CLANG_WARN_OBJC_ROOT_CLASS = YES_ERROR;
				CLANG_WARN_QUOTED_INCLUDE_IN_FRAMEWORK_HEADER = YES;
				CLANG_WARN_RANGE_LOOP_ANALYSIS = YES;
				CLANG_WARN_STRICT_PROTOTYPES = YES;
				CLANG_WARN_SUSPICIOUS_MOVE = YES;
				CLANG_WARN_UNGUARDED_AVAILABILITY = YES_AGGRESSIVE;
				CLANG_WARN_UNREACHABLE_CODE = YES;
				CLANG_WARN__DUPLICATE_METHOD_MATCH = YES;
				COPY_PHASE_STRIP = NO;
				DEBUG_INFORMATION_FORMAT = "dwarf-with-dsym";
				ENABLE_NS_ASSERTIONS = NO;
				ENABLE_STRICT_OBJC_MSGSEND = YES;
				GCC_C_LANGUAGE_STANDARD = gnu11;
				GCC_NO_COMMON_BLOCKS = YES;
				GCC_WARN_64_TO_32_BIT_CONVERSION = YES;
				GCC_WARN_ABOUT_RETURN_TYPE = YES_ERROR;
				GCC_WARN_UNDECLARED_SELECTOR = YES;
				GCC_WARN_UNINITIALIZED_AUTOS = YES_AGGRESSIVE;
				GCC_WARN_UNUSED_FUNCTION = YES;
				GCC_WARN_UNUSED_VARIABLE = YES;
				IPHONEOS_DEPLOYMENT_TARGET = 16.2;
				MTL_ENABLE_DEBUG_INFO = NO;
				MTL_FAST_MATH = YES;
				SDKROOT = iphoneos;
				SWIFT_COMPILATION_MODE = wholemodule;
				SWIFT_OPTIMIZATION_LEVEL = "-O";
				VALIDATE_PRODUCT = YES;
			};
			name = Release;
		};
		ACBA07FA2A3728D600504F68 /* Debug */ = {
			isa = XCBuildConfiguration;
			baseConfigurationReference = 5AFB1EEB46022ADCFE7F42AF /* Pods-ToDoList.debug.xcconfig */;
			buildSettings = {
				ASSETCATALOG_COMPILER_APPICON_NAME = AppIcon;
				ASSETCATALOG_COMPILER_GLOBAL_ACCENT_COLOR_NAME = AccentColor;
				CODE_SIGN_STYLE = Automatic;
				CURRENT_PROJECT_VERSION = 1;
				DEVELOPMENT_TEAM = F2XZ6X34LP;
				GENERATE_INFOPLIST_FILE = YES;
				INFOPLIST_FILE = ToDoList/Info.plist;
				INFOPLIST_KEY_UIApplicationSupportsIndirectInputEvents = YES;
				INFOPLIST_KEY_UILaunchStoryboardName = LaunchScreen;
				INFOPLIST_KEY_UIMainStoryboardFile = Main;
				INFOPLIST_KEY_UISupportedInterfaceOrientations_iPad = "UIInterfaceOrientationPortrait UIInterfaceOrientationPortraitUpsideDown UIInterfaceOrientationLandscapeLeft UIInterfaceOrientationLandscapeRight";
				INFOPLIST_KEY_UISupportedInterfaceOrientations_iPhone = "UIInterfaceOrientationPortrait UIInterfaceOrientationLandscapeLeft UIInterfaceOrientationLandscapeRight";
				LD_RUNPATH_SEARCH_PATHS = (
					"$(inherited)",
					"@executable_path/Frameworks",
				);
				MARKETING_VERSION = 1.0;
				PRODUCT_BUNDLE_IDENTIFIER = artem.ToDoList;
				PRODUCT_NAME = "$(TARGET_NAME)";
				SWIFT_EMIT_LOC_STRINGS = YES;
				SWIFT_VERSION = 5.0;
				TARGETED_DEVICE_FAMILY = "1,2";
			};
			name = Debug;
		};
		ACBA07FB2A3728D600504F68 /* Release */ = {
			isa = XCBuildConfiguration;
			baseConfigurationReference = 246B3745F52CF5B8CA968171 /* Pods-ToDoList.release.xcconfig */;
			buildSettings = {
				ASSETCATALOG_COMPILER_APPICON_NAME = AppIcon;
				ASSETCATALOG_COMPILER_GLOBAL_ACCENT_COLOR_NAME = AccentColor;
				CODE_SIGN_STYLE = Automatic;
				CURRENT_PROJECT_VERSION = 1;
				DEVELOPMENT_TEAM = F2XZ6X34LP;
				GENERATE_INFOPLIST_FILE = YES;
				INFOPLIST_FILE = ToDoList/Info.plist;
				INFOPLIST_KEY_UIApplicationSupportsIndirectInputEvents = YES;
				INFOPLIST_KEY_UILaunchStoryboardName = LaunchScreen;
				INFOPLIST_KEY_UIMainStoryboardFile = Main;
				INFOPLIST_KEY_UISupportedInterfaceOrientations_iPad = "UIInterfaceOrientationPortrait UIInterfaceOrientationPortraitUpsideDown UIInterfaceOrientationLandscapeLeft UIInterfaceOrientationLandscapeRight";
				INFOPLIST_KEY_UISupportedInterfaceOrientations_iPhone = "UIInterfaceOrientationPortrait UIInterfaceOrientationLandscapeLeft UIInterfaceOrientationLandscapeRight";
				LD_RUNPATH_SEARCH_PATHS = (
					"$(inherited)",
					"@executable_path/Frameworks",
				);
				MARKETING_VERSION = 1.0;
				PRODUCT_BUNDLE_IDENTIFIER = artem.ToDoList;
				PRODUCT_NAME = "$(TARGET_NAME)";
				SWIFT_EMIT_LOC_STRINGS = YES;
				SWIFT_VERSION = 5.0;
				TARGETED_DEVICE_FAMILY = "1,2";
			};
			name = Release;
		};
		ACBA07FD2A3728D600504F68 /* Debug */ = {
			isa = XCBuildConfiguration;
			baseConfigurationReference = F1D7E9F17FA3F87680E923AC /* Pods-ToDoListTests.debug.xcconfig */;
			buildSettings = {
				ALWAYS_EMBED_SWIFT_STANDARD_LIBRARIES = YES;
				BUNDLE_LOADER = "$(TEST_HOST)";
				CODE_SIGN_STYLE = Automatic;
				CURRENT_PROJECT_VERSION = 1;
				DEVELOPMENT_TEAM = F2XZ6X34LP;
				GENERATE_INFOPLIST_FILE = YES;
				IPHONEOS_DEPLOYMENT_TARGET = 16.2;
				MARKETING_VERSION = 1.0;
				PRODUCT_BUNDLE_IDENTIFIER = artem.ToDoListTests;
				PRODUCT_NAME = "$(TARGET_NAME)";
				SWIFT_EMIT_LOC_STRINGS = NO;
				SWIFT_VERSION = 5.0;
				TARGETED_DEVICE_FAMILY = "1,2";
				TEST_HOST = "$(BUILT_PRODUCTS_DIR)/ToDoList.app/$(BUNDLE_EXECUTABLE_FOLDER_PATH)/ToDoList";
			};
			name = Debug;
		};
		ACBA07FE2A3728D600504F68 /* Release */ = {
			isa = XCBuildConfiguration;
			baseConfigurationReference = 48DE3D9E1D51CE64D6A71C18 /* Pods-ToDoListTests.release.xcconfig */;
			buildSettings = {
				ALWAYS_EMBED_SWIFT_STANDARD_LIBRARIES = YES;
				BUNDLE_LOADER = "$(TEST_HOST)";
				CODE_SIGN_STYLE = Automatic;
				CURRENT_PROJECT_VERSION = 1;
				DEVELOPMENT_TEAM = F2XZ6X34LP;
				GENERATE_INFOPLIST_FILE = YES;
				IPHONEOS_DEPLOYMENT_TARGET = 16.2;
				MARKETING_VERSION = 1.0;
				PRODUCT_BUNDLE_IDENTIFIER = artem.ToDoListTests;
				PRODUCT_NAME = "$(TARGET_NAME)";
				SWIFT_EMIT_LOC_STRINGS = NO;
				SWIFT_VERSION = 5.0;
				TARGETED_DEVICE_FAMILY = "1,2";
				TEST_HOST = "$(BUILT_PRODUCTS_DIR)/ToDoList.app/$(BUNDLE_EXECUTABLE_FOLDER_PATH)/ToDoList";
			};
			name = Release;
		};
		ACBA08002A3728D600504F68 /* Debug */ = {
			isa = XCBuildConfiguration;
			baseConfigurationReference = 1A6B566F60DB1FBDED55E111 /* Pods-ToDoList-ToDoListUITests.debug.xcconfig */;
			buildSettings = {
				ALWAYS_EMBED_SWIFT_STANDARD_LIBRARIES = YES;
				CODE_SIGN_STYLE = Automatic;
				CURRENT_PROJECT_VERSION = 1;
				DEVELOPMENT_TEAM = F2XZ6X34LP;
				GENERATE_INFOPLIST_FILE = YES;
				MARKETING_VERSION = 1.0;
				PRODUCT_BUNDLE_IDENTIFIER = artem.ToDoListUITests;
				PRODUCT_NAME = "$(TARGET_NAME)";
				SWIFT_EMIT_LOC_STRINGS = NO;
				SWIFT_VERSION = 5.0;
				TARGETED_DEVICE_FAMILY = "1,2";
				TEST_TARGET_NAME = ToDoList;
			};
			name = Debug;
		};
		ACBA08012A3728D600504F68 /* Release */ = {
			isa = XCBuildConfiguration;
			baseConfigurationReference = A6768EB2B1819030EEE53DAE /* Pods-ToDoList-ToDoListUITests.release.xcconfig */;
			buildSettings = {
				ALWAYS_EMBED_SWIFT_STANDARD_LIBRARIES = YES;
				CODE_SIGN_STYLE = Automatic;
				CURRENT_PROJECT_VERSION = 1;
				DEVELOPMENT_TEAM = F2XZ6X34LP;
				GENERATE_INFOPLIST_FILE = YES;
				MARKETING_VERSION = 1.0;
				PRODUCT_BUNDLE_IDENTIFIER = artem.ToDoListUITests;
				PRODUCT_NAME = "$(TARGET_NAME)";
				SWIFT_EMIT_LOC_STRINGS = NO;
				SWIFT_VERSION = 5.0;
				TARGETED_DEVICE_FAMILY = "1,2";
				TEST_TARGET_NAME = ToDoList;
			};
			name = Release;
		};
/* End XCBuildConfiguration section */

/* Begin XCConfigurationList section */
		ACBA07CA2A3728D500504F68 /* Build configuration list for PBXProject "ToDoList" */ = {
			isa = XCConfigurationList;
			buildConfigurations = (
				ACBA07F72A3728D600504F68 /* Debug */,
				ACBA07F82A3728D600504F68 /* Release */,
			);
			defaultConfigurationIsVisible = 0;
			defaultConfigurationName = Release;
		};
		ACBA07F92A3728D600504F68 /* Build configuration list for PBXNativeTarget "ToDoList" */ = {
			isa = XCConfigurationList;
			buildConfigurations = (
				ACBA07FA2A3728D600504F68 /* Debug */,
				ACBA07FB2A3728D600504F68 /* Release */,
			);
			defaultConfigurationIsVisible = 0;
			defaultConfigurationName = Release;
		};
		ACBA07FC2A3728D600504F68 /* Build configuration list for PBXNativeTarget "ToDoListTests" */ = {
			isa = XCConfigurationList;
			buildConfigurations = (
				ACBA07FD2A3728D600504F68 /* Debug */,
				ACBA07FE2A3728D600504F68 /* Release */,
			);
			defaultConfigurationIsVisible = 0;
			defaultConfigurationName = Release;
		};
		ACBA07FF2A3728D600504F68 /* Build configuration list for PBXNativeTarget "ToDoListUITests" */ = {
			isa = XCConfigurationList;
			buildConfigurations = (
				ACBA08002A3728D600504F68 /* Debug */,
				ACBA08012A3728D600504F68 /* Release */,
			);
			defaultConfigurationIsVisible = 0;
			defaultConfigurationName = Release;
		};
/* End XCConfigurationList section */

/* Begin XCRemoteSwiftPackageReference section */
		AC3FC3802A4FCF60005313F4 /* XCRemoteSwiftPackageReference "CocoaLumberjack" */ = {
			isa = XCRemoteSwiftPackageReference;
			repositoryURL = "https://github.com/CocoaLumberjack/CocoaLumberjack";
			requirement = {
				kind = upToNextMajorVersion;
				minimumVersion = 3.0.0;
			};
		};
		AC911AFC2A61D55900E65C37 /* XCRemoteSwiftPackageReference "SQLite.swift" */ = {
			isa = XCRemoteSwiftPackageReference;
			repositoryURL = "https://github.com/stephencelis/SQLite.swift.git";
			requirement = {
				kind = upToNextMajorVersion;
				minimumVersion = 0.9.2;
			};
		};
/* End XCRemoteSwiftPackageReference section */

/* Begin XCSwiftPackageProductDependency section */
		AC3FC3812A4FCF60005313F4 /* CocoaLumberjack */ = {
			isa = XCSwiftPackageProductDependency;
			package = AC3FC3802A4FCF60005313F4 /* XCRemoteSwiftPackageReference "CocoaLumberjack" */;
			productName = CocoaLumberjack;
		};
		AC3FC3832A4FCF60005313F4 /* CocoaLumberjackSwift */ = {
			isa = XCSwiftPackageProductDependency;
			package = AC3FC3802A4FCF60005313F4 /* XCRemoteSwiftPackageReference "CocoaLumberjack" */;
			productName = CocoaLumberjackSwift;
		};
		AC3FC3852A4FCF60005313F4 /* CocoaLumberjackSwiftLogBackend */ = {
			isa = XCSwiftPackageProductDependency;
			package = AC3FC3802A4FCF60005313F4 /* XCRemoteSwiftPackageReference "CocoaLumberjack" */;
			productName = CocoaLumberjackSwiftLogBackend;
		};
		AC911AFD2A61D55900E65C37 /* SQLite */ = {
			isa = XCSwiftPackageProductDependency;
			package = AC911AFC2A61D55900E65C37 /* XCRemoteSwiftPackageReference "SQLite.swift" */;
			productName = SQLite;
		};
/* End XCSwiftPackageProductDependency section */

/* Begin XCVersionGroup section */
		AC911ADC2A6092AF00E65C37 /* CoreData.xcdatamodeld */ = {
			isa = XCVersionGroup;
			children = (
				AC911ADD2A6092AF00E65C37 /* CoreData.xcdatamodel */,
			);
			currentVersion = AC911ADD2A6092AF00E65C37 /* CoreData.xcdatamodel */;
			path = CoreData.xcdatamodeld;
			sourceTree = "<group>";
			versionGroupType = wrapper.xcdatamodel;
		};
/* End XCVersionGroup section */
	};
	rootObject = ACBA07C72A3728D500504F68 /* Project object */;
}
