// !$*UTF8*$!
{
	archiveVersion = 1;
	classes = {
	};
	objectVersion = 56;
	objects = {

/* Begin PBXBuildFile section */
		AC841FEB2A4476A100C53093 /* TuskDetailController.swift in Sources */ = {isa = PBXBuildFile; fileRef = AC841FEA2A4476A100C53093 /* TuskDetailController.swift */; };
		ACBA07D32A3728D500504F68 /* AppDelegate.swift in Sources */ = {isa = PBXBuildFile; fileRef = ACBA07D22A3728D500504F68 /* AppDelegate.swift */; };
		ACBA07D52A3728D500504F68 /* SceneDelegate.swift in Sources */ = {isa = PBXBuildFile; fileRef = ACBA07D42A3728D500504F68 /* SceneDelegate.swift */; };
		ACBA07D72A3728D500504F68 /* ViewController.swift in Sources */ = {isa = PBXBuildFile; fileRef = ACBA07D62A3728D500504F68 /* ViewController.swift */; };
		ACBA07DA2A3728D500504F68 /* Main.storyboard in Resources */ = {isa = PBXBuildFile; fileRef = ACBA07D82A3728D500504F68 /* Main.storyboard */; };
		ACBA07DC2A3728D600504F68 /* Assets.xcassets in Resources */ = {isa = PBXBuildFile; fileRef = ACBA07DB2A3728D600504F68 /* Assets.xcassets */; };
		ACBA07DF2A3728D600504F68 /* LaunchScreen.storyboard in Resources */ = {isa = PBXBuildFile; fileRef = ACBA07DD2A3728D600504F68 /* LaunchScreen.storyboard */; };
		ACBA07EA2A3728D600504F68 /* ToDoListTests.swift in Sources */ = {isa = PBXBuildFile; fileRef = ACBA07E92A3728D600504F68 /* ToDoListTests.swift */; };
		ACBA07F42A3728D600504F68 /* ToDoListUITests.swift in Sources */ = {isa = PBXBuildFile; fileRef = ACBA07F32A3728D600504F68 /* ToDoListUITests.swift */; };
		ACBA07F62A3728D600504F68 /* ToDoListUITestsLaunchTests.swift in Sources */ = {isa = PBXBuildFile; fileRef = ACBA07F52A3728D600504F68 /* ToDoListUITestsLaunchTests.swift */; };
		ACBA08032A3728FF00504F68 /* TodoItem.swift in Sources */ = {isa = PBXBuildFile; fileRef = ACBA08022A3728FF00504F68 /* TodoItem.swift */; };
		ACCEA1292A45C36C0014BC8C /* FirstTableViewCell.swift in Sources */ = {isa = PBXBuildFile; fileRef = ACCEA1272A45C36C0014BC8C /* FirstTableViewCell.swift */; };
		ACCEA12A2A45C36C0014BC8C /* FirstTableViewCell.xib in Resources */ = {isa = PBXBuildFile; fileRef = ACCEA1282A45C36C0014BC8C /* FirstTableViewCell.xib */; };
		ACCEA12D2A45C3980014BC8C /* SecondTableViewCell.swift in Sources */ = {isa = PBXBuildFile; fileRef = ACCEA12B2A45C3980014BC8C /* SecondTableViewCell.swift */; };
		ACCEA12E2A45C3980014BC8C /* SecondTableViewCell.xib in Resources */ = {isa = PBXBuildFile; fileRef = ACCEA12C2A45C3980014BC8C /* SecondTableViewCell.xib */; };
		ACCEA1312A45C3BF0014BC8C /* ThirdTableViewCell.swift in Sources */ = {isa = PBXBuildFile; fileRef = ACCEA12F2A45C3BF0014BC8C /* ThirdTableViewCell.swift */; };
		ACCEA1322A45C3BF0014BC8C /* ThirdTableViewCell.xib in Resources */ = {isa = PBXBuildFile; fileRef = ACCEA1302A45C3BF0014BC8C /* ThirdTableViewCell.xib */; };
/* End PBXBuildFile section */

/* Begin PBXContainerItemProxy section */
		ACBA07E62A3728D600504F68 /* PBXContainerItemProxy */ = {
			isa = PBXContainerItemProxy;
			containerPortal = ACBA07C72A3728D500504F68 /* Project object */;
			proxyType = 1;
			remoteGlobalIDString = ACBA07CE2A3728D500504F68;
			remoteInfo = ToDoList;
		};
		ACBA07F02A3728D600504F68 /* PBXContainerItemProxy */ = {
			isa = PBXContainerItemProxy;
			containerPortal = ACBA07C72A3728D500504F68 /* Project object */;
			proxyType = 1;
			remoteGlobalIDString = ACBA07CE2A3728D500504F68;
			remoteInfo = ToDoList;
		};
/* End PBXContainerItemProxy section */

/* Begin PBXFileReference section */
		AC841FEA2A4476A100C53093 /* TuskDetailController.swift */ = {isa = PBXFileReference; lastKnownFileType = sourcecode.swift; path = TuskDetailController.swift; sourceTree = "<group>"; };
		ACBA07CF2A3728D500504F68 /* ToDoList.app */ = {isa = PBXFileReference; explicitFileType = wrapper.application; includeInIndex = 0; path = ToDoList.app; sourceTree = BUILT_PRODUCTS_DIR; };
		ACBA07D22A3728D500504F68 /* AppDelegate.swift */ = {isa = PBXFileReference; lastKnownFileType = sourcecode.swift; path = AppDelegate.swift; sourceTree = "<group>"; };
		ACBA07D42A3728D500504F68 /* SceneDelegate.swift */ = {isa = PBXFileReference; lastKnownFileType = sourcecode.swift; path = SceneDelegate.swift; sourceTree = "<group>"; };
		ACBA07D62A3728D500504F68 /* ViewController.swift */ = {isa = PBXFileReference; lastKnownFileType = sourcecode.swift; path = ViewController.swift; sourceTree = "<group>"; };
		ACBA07D92A3728D500504F68 /* Base */ = {isa = PBXFileReference; lastKnownFileType = file.storyboard; name = Base; path = Base.lproj/Main.storyboard; sourceTree = "<group>"; };
		ACBA07DB2A3728D600504F68 /* Assets.xcassets */ = {isa = PBXFileReference; lastKnownFileType = folder.assetcatalog; path = Assets.xcassets; sourceTree = "<group>"; };
		ACBA07DE2A3728D600504F68 /* Base */ = {isa = PBXFileReference; lastKnownFileType = file.storyboard; name = Base; path = Base.lproj/LaunchScreen.storyboard; sourceTree = "<group>"; };
		ACBA07E02A3728D600504F68 /* Info.plist */ = {isa = PBXFileReference; lastKnownFileType = text.plist.xml; path = Info.plist; sourceTree = "<group>"; };
		ACBA07E52A3728D600504F68 /* ToDoListTests.xctest */ = {isa = PBXFileReference; explicitFileType = wrapper.cfbundle; includeInIndex = 0; path = ToDoListTests.xctest; sourceTree = BUILT_PRODUCTS_DIR; };
		ACBA07E92A3728D600504F68 /* ToDoListTests.swift */ = {isa = PBXFileReference; lastKnownFileType = sourcecode.swift; path = ToDoListTests.swift; sourceTree = "<group>"; };
		ACBA07EF2A3728D600504F68 /* ToDoListUITests.xctest */ = {isa = PBXFileReference; explicitFileType = wrapper.cfbundle; includeInIndex = 0; path = ToDoListUITests.xctest; sourceTree = BUILT_PRODUCTS_DIR; };
		ACBA07F32A3728D600504F68 /* ToDoListUITests.swift */ = {isa = PBXFileReference; lastKnownFileType = sourcecode.swift; path = ToDoListUITests.swift; sourceTree = "<group>"; };
		ACBA07F52A3728D600504F68 /* ToDoListUITestsLaunchTests.swift */ = {isa = PBXFileReference; lastKnownFileType = sourcecode.swift; path = ToDoListUITestsLaunchTests.swift; sourceTree = "<group>"; };
		ACBA08022A3728FF00504F68 /* TodoItem.swift */ = {isa = PBXFileReference; lastKnownFileType = sourcecode.swift; path = TodoItem.swift; sourceTree = "<group>"; };
		ACCEA1272A45C36C0014BC8C /* FirstTableViewCell.swift */ = {isa = PBXFileReference; lastKnownFileType = sourcecode.swift; path = FirstTableViewCell.swift; sourceTree = "<group>"; };
		ACCEA1282A45C36C0014BC8C /* FirstTableViewCell.xib */ = {isa = PBXFileReference; lastKnownFileType = file.xib; path = FirstTableViewCell.xib; sourceTree = "<group>"; };
		ACCEA12B2A45C3980014BC8C /* SecondTableViewCell.swift */ = {isa = PBXFileReference; lastKnownFileType = sourcecode.swift; path = SecondTableViewCell.swift; sourceTree = "<group>"; };
		ACCEA12C2A45C3980014BC8C /* SecondTableViewCell.xib */ = {isa = PBXFileReference; lastKnownFileType = file.xib; path = SecondTableViewCell.xib; sourceTree = "<group>"; };
		ACCEA12F2A45C3BF0014BC8C /* ThirdTableViewCell.swift */ = {isa = PBXFileReference; lastKnownFileType = sourcecode.swift; path = ThirdTableViewCell.swift; sourceTree = "<group>"; };
		ACCEA1302A45C3BF0014BC8C /* ThirdTableViewCell.xib */ = {isa = PBXFileReference; lastKnownFileType = file.xib; path = ThirdTableViewCell.xib; sourceTree = "<group>"; };
/* End PBXFileReference section */

/* Begin PBXFrameworksBuildPhase section */
		ACBA07CC2A3728D500504F68 /* Frameworks */ = {
			isa = PBXFrameworksBuildPhase;
			buildActionMask = 2147483647;
			files = (
			);
			runOnlyForDeploymentPostprocessing = 0;
		};
		ACBA07E22A3728D600504F68 /* Frameworks */ = {
			isa = PBXFrameworksBuildPhase;
			buildActionMask = 2147483647;
			files = (
			);
			runOnlyForDeploymentPostprocessing = 0;
		};
		ACBA07EC2A3728D600504F68 /* Frameworks */ = {
			isa = PBXFrameworksBuildPhase;
			buildActionMask = 2147483647;
			files = (
			);
			runOnlyForDeploymentPostprocessing = 0;
		};
/* End PBXFrameworksBuildPhase section */

/* Begin PBXGroup section */
		AC6FCD702A44859B00B6A4D4 /* TuskDetail */ = {
			isa = PBXGroup;
			children = (
				AC841FEA2A4476A100C53093 /* TuskDetailController.swift */,
				ACCEA1332A45C3C50014BC8C /* DetailTableViewCell */,
			);
			path = TuskDetail;
			sourceTree = "<group>";
		};
		AC6FCD712A4485D400B6A4D4 /* Resources */ = {
			isa = PBXGroup;
			children = (
				ACBA07DB2A3728D600504F68 /* Assets.xcassets */,
				ACBA07DD2A3728D600504F68 /* LaunchScreen.storyboard */,
			);
			path = Resources;
			sourceTree = "<group>";
		};
		AC6FCD722A44860400B6A4D4 /* Application */ = {
			isa = PBXGroup;
			children = (
				ACBA07D22A3728D500504F68 /* AppDelegate.swift */,
				ACBA07D42A3728D500504F68 /* SceneDelegate.swift */,
			);
			path = Application;
			sourceTree = "<group>";
		};
		AC6FCD732A44863400B6A4D4 /* Model */ = {
			isa = PBXGroup;
			children = (
				ACBA08022A3728FF00504F68 /* TodoItem.swift */,
			);
			path = Model;
			sourceTree = "<group>";
		};
		AC6FCD742A44865800B6A4D4 /* Main */ = {
			isa = PBXGroup;
			children = (
				ACBA07D62A3728D500504F68 /* ViewController.swift */,
				ACBA07D82A3728D500504F68 /* Main.storyboard */,
			);
			path = Main;
			sourceTree = "<group>";
		};
		ACBA07C62A3728D500504F68 = {
			isa = PBXGroup;
			children = (
				ACBA07D12A3728D500504F68 /* ToDoList */,
				ACBA07E82A3728D600504F68 /* ToDoListTests */,
				ACBA07F22A3728D600504F68 /* ToDoListUITests */,
				ACBA07D02A3728D500504F68 /* Products */,
			);
			sourceTree = "<group>";
		};
		ACBA07D02A3728D500504F68 /* Products */ = {
			isa = PBXGroup;
			children = (
				ACBA07CF2A3728D500504F68 /* ToDoList.app */,
				ACBA07E52A3728D600504F68 /* ToDoListTests.xctest */,
				ACBA07EF2A3728D600504F68 /* ToDoListUITests.xctest */,
			);
			name = Products;
			sourceTree = "<group>";
		};
		ACBA07D12A3728D500504F68 /* ToDoList */ = {
			isa = PBXGroup;
			children = (
				ACBA07E02A3728D600504F68 /* Info.plist */,
				AC6FCD722A44860400B6A4D4 /* Application */,
				AC6FCD712A4485D400B6A4D4 /* Resources */,
				AC6FCD702A44859B00B6A4D4 /* TuskDetail */,
				AC6FCD732A44863400B6A4D4 /* Model */,
				AC6FCD742A44865800B6A4D4 /* Main */,
			);
			path = ToDoList;
			sourceTree = "<group>";
		};
		ACBA07E82A3728D600504F68 /* ToDoListTests */ = {
			isa = PBXGroup;
			children = (
				ACBA07E92A3728D600504F68 /* ToDoListTests.swift */,
			);
			path = ToDoListTests;
			sourceTree = "<group>";
		};
		ACBA07F22A3728D600504F68 /* ToDoListUITests */ = {
			isa = PBXGroup;
			children = (
				ACBA07F32A3728D600504F68 /* ToDoListUITests.swift */,
				ACBA07F52A3728D600504F68 /* ToDoListUITestsLaunchTests.swift */,
			);
			path = ToDoListUITests;
			sourceTree = "<group>";
		};
		ACCEA1332A45C3C50014BC8C /* DetailTableViewCell */ = {
			isa = PBXGroup;
			children = (
				ACCEA1272A45C36C0014BC8C /* FirstTableViewCell.swift */,
				ACCEA1282A45C36C0014BC8C /* FirstTableViewCell.xib */,
				ACCEA12B2A45C3980014BC8C /* SecondTableViewCell.swift */,
				ACCEA12C2A45C3980014BC8C /* SecondTableViewCell.xib */,
				ACCEA12F2A45C3BF0014BC8C /* ThirdTableViewCell.swift */,
				ACCEA1302A45C3BF0014BC8C /* ThirdTableViewCell.xib */,
			);
			path = DetailTableViewCell;
			sourceTree = "<group>";
		};
/* End PBXGroup section */

/* Begin PBXNativeTarget section */
		ACBA07CE2A3728D500504F68 /* ToDoList */ = {
			isa = PBXNativeTarget;
			buildConfigurationList = ACBA07F92A3728D600504F68 /* Build configuration list for PBXNativeTarget "ToDoList" */;
			buildPhases = (
				ACBA07CB2A3728D500504F68 /* Sources */,
				ACBA07CC2A3728D500504F68 /* Frameworks */,
				ACBA07CD2A3728D500504F68 /* Resources */,
			);
			buildRules = (
			);
			dependencies = (
			);
			name = ToDoList;
			productName = ToDoList;
			productReference = ACBA07CF2A3728D500504F68 /* ToDoList.app */;
			productType = "com.apple.product-type.application";
		};
		ACBA07E42A3728D600504F68 /* ToDoListTests */ = {
			isa = PBXNativeTarget;
			buildConfigurationList = ACBA07FC2A3728D600504F68 /* Build configuration list for PBXNativeTarget "ToDoListTests" */;
			buildPhases = (
				ACBA07E12A3728D600504F68 /* Sources */,
				ACBA07E22A3728D600504F68 /* Frameworks */,
				ACBA07E32A3728D600504F68 /* Resources */,
			);
			buildRules = (
			);
			dependencies = (
				ACBA07E72A3728D600504F68 /* PBXTargetDependency */,
			);
			name = ToDoListTests;
			productName = ToDoListTests;
			productReference = ACBA07E52A3728D600504F68 /* ToDoListTests.xctest */;
			productType = "com.apple.product-type.bundle.unit-test";
		};
		ACBA07EE2A3728D600504F68 /* ToDoListUITests */ = {
			isa = PBXNativeTarget;
			buildConfigurationList = ACBA07FF2A3728D600504F68 /* Build configuration list for PBXNativeTarget "ToDoListUITests" */;
			buildPhases = (
				ACBA07EB2A3728D600504F68 /* Sources */,
				ACBA07EC2A3728D600504F68 /* Frameworks */,
				ACBA07ED2A3728D600504F68 /* Resources */,
			);
			buildRules = (
			);
			dependencies = (
				ACBA07F12A3728D600504F68 /* PBXTargetDependency */,
			);
			name = ToDoListUITests;
			productName = ToDoListUITests;
			productReference = ACBA07EF2A3728D600504F68 /* ToDoListUITests.xctest */;
			productType = "com.apple.product-type.bundle.ui-testing";
		};
/* End PBXNativeTarget section */

/* Begin PBXProject section */
		ACBA07C72A3728D500504F68 /* Project object */ = {
			isa = PBXProject;
			attributes = {
				BuildIndependentTargetsInParallel = 1;
				LastSwiftUpdateCheck = 1420;
				LastUpgradeCheck = 1420;
				TargetAttributes = {
					ACBA07CE2A3728D500504F68 = {
						CreatedOnToolsVersion = 14.2;
					};
					ACBA07E42A3728D600504F68 = {
						CreatedOnToolsVersion = 14.2;
						TestTargetID = ACBA07CE2A3728D500504F68;
					};
					ACBA07EE2A3728D600504F68 = {
						CreatedOnToolsVersion = 14.2;
						TestTargetID = ACBA07CE2A3728D500504F68;
					};
				};
			};
			buildConfigurationList = ACBA07CA2A3728D500504F68 /* Build configuration list for PBXProject "ToDoList" */;
			compatibilityVersion = "Xcode 14.0";
			developmentRegion = en;
			hasScannedForEncodings = 0;
			knownRegions = (
				en,
				Base,
			);
			mainGroup = ACBA07C62A3728D500504F68;
			productRefGroup = ACBA07D02A3728D500504F68 /* Products */;
			projectDirPath = "";
			projectRoot = "";
			targets = (
				ACBA07CE2A3728D500504F68 /* ToDoList */,
				ACBA07E42A3728D600504F68 /* ToDoListTests */,
				ACBA07EE2A3728D600504F68 /* ToDoListUITests */,
			);
		};
/* End PBXProject section */

/* Begin PBXResourcesBuildPhase section */
		ACBA07CD2A3728D500504F68 /* Resources */ = {
			isa = PBXResourcesBuildPhase;
			buildActionMask = 2147483647;
			files = (
				ACBA07DF2A3728D600504F68 /* LaunchScreen.storyboard in Resources */,
				ACBA07DC2A3728D600504F68 /* Assets.xcassets in Resources */,
				ACCEA12E2A45C3980014BC8C /* SecondTableViewCell.xib in Resources */,
				ACCEA12A2A45C36C0014BC8C /* FirstTableViewCell.xib in Resources */,
				ACBA07DA2A3728D500504F68 /* Main.storyboard in Resources */,
				ACCEA1322A45C3BF0014BC8C /* ThirdTableViewCell.xib in Resources */,
			);
			runOnlyForDeploymentPostprocessing = 0;
		};
		ACBA07E32A3728D600504F68 /* Resources */ = {
			isa = PBXResourcesBuildPhase;
			buildActionMask = 2147483647;
			files = (
			);
			runOnlyForDeploymentPostprocessing = 0;
		};
		ACBA07ED2A3728D600504F68 /* Resources */ = {
			isa = PBXResourcesBuildPhase;
			buildActionMask = 2147483647;
			files = (
			);
			runOnlyForDeploymentPostprocessing = 0;
		};
/* End PBXResourcesBuildPhase section */

/* Begin PBXSourcesBuildPhase section */
		ACBA07CB2A3728D500504F68 /* Sources */ = {
			isa = PBXSourcesBuildPhase;
			buildActionMask = 2147483647;
			files = (
				ACCEA1292A45C36C0014BC8C /* FirstTableViewCell.swift in Sources */,
				ACCEA1312A45C3BF0014BC8C /* ThirdTableViewCell.swift in Sources */,
				ACBA07D72A3728D500504F68 /* ViewController.swift in Sources */,
				ACBA07D32A3728D500504F68 /* AppDelegate.swift in Sources */,
				AC841FEB2A4476A100C53093 /* TuskDetailController.swift in Sources */,
				ACBA08032A3728FF00504F68 /* TodoItem.swift in Sources */,
				ACCEA12D2A45C3980014BC8C /* SecondTableViewCell.swift in Sources */,
				ACBA07D52A3728D500504F68 /* SceneDelegate.swift in Sources */,
			);
			runOnlyForDeploymentPostprocessing = 0;
		};
		ACBA07E12A3728D600504F68 /* Sources */ = {
			isa = PBXSourcesBuildPhase;
			buildActionMask = 2147483647;
			files = (
				ACBA07EA2A3728D600504F68 /* ToDoListTests.swift in Sources */,
			);
			runOnlyForDeploymentPostprocessing = 0;
		};
		ACBA07EB2A3728D600504F68 /* Sources */ = {
			isa = PBXSourcesBuildPhase;
			buildActionMask = 2147483647;
			files = (
				ACBA07F62A3728D600504F68 /* ToDoListUITestsLaunchTests.swift in Sources */,
				ACBA07F42A3728D600504F68 /* ToDoListUITests.swift in Sources */,
			);
			runOnlyForDeploymentPostprocessing = 0;
		};
/* End PBXSourcesBuildPhase section */

/* Begin PBXTargetDependency section */
		ACBA07E72A3728D600504F68 /* PBXTargetDependency */ = {
			isa = PBXTargetDependency;
			target = ACBA07CE2A3728D500504F68 /* ToDoList */;
			targetProxy = ACBA07E62A3728D600504F68 /* PBXContainerItemProxy */;
		};
		ACBA07F12A3728D600504F68 /* PBXTargetDependency */ = {
			isa = PBXTargetDependency;
			target = ACBA07CE2A3728D500504F68 /* ToDoList */;
			targetProxy = ACBA07F02A3728D600504F68 /* PBXContainerItemProxy */;
		};
/* End PBXTargetDependency section */

/* Begin PBXVariantGroup section */
		ACBA07D82A3728D500504F68 /* Main.storyboard */ = {
			isa = PBXVariantGroup;
			children = (
				ACBA07D92A3728D500504F68 /* Base */,
			);
			name = Main.storyboard;
			sourceTree = "<group>";
		};
		ACBA07DD2A3728D600504F68 /* LaunchScreen.storyboard */ = {
			isa = PBXVariantGroup;
			children = (
				ACBA07DE2A3728D600504F68 /* Base */,
			);
			name = LaunchScreen.storyboard;
			sourceTree = "<group>";
		};
/* End PBXVariantGroup section */

/* Begin XCBuildConfiguration section */
		ACBA07F72A3728D600504F68 /* Debug */ = {
			isa = XCBuildConfiguration;
			buildSettings = {
				ALWAYS_SEARCH_USER_PATHS = NO;
				CLANG_ANALYZER_NONNULL = YES;
				CLANG_ANALYZER_NUMBER_OBJECT_CONVERSION = YES_AGGRESSIVE;
				CLANG_CXX_LANGUAGE_STANDARD = "gnu++20";
				CLANG_ENABLE_MODULES = YES;
				CLANG_ENABLE_OBJC_ARC = YES;
				CLANG_ENABLE_OBJC_WEAK = YES;
				CLANG_WARN_BLOCK_CAPTURE_AUTORELEASING = YES;
				CLANG_WARN_BOOL_CONVERSION = YES;
				CLANG_WARN_COMMA = YES;
				CLANG_WARN_CONSTANT_CONVERSION = YES;
				CLANG_WARN_DEPRECATED_OBJC_IMPLEMENTATIONS = YES;
				CLANG_WARN_DIRECT_OBJC_ISA_USAGE = YES_ERROR;
				CLANG_WARN_DOCUMENTATION_COMMENTS = YES;
				CLANG_WARN_EMPTY_BODY = YES;
				CLANG_WARN_ENUM_CONVERSION = YES;
				CLANG_WARN_INFINITE_RECURSION = YES;
				CLANG_WARN_INT_CONVERSION = YES;
				CLANG_WARN_NON_LITERAL_NULL_CONVERSION = YES;
				CLANG_WARN_OBJC_IMPLICIT_RETAIN_SELF = YES;
				CLANG_WARN_OBJC_LITERAL_CONVERSION = YES;
				CLANG_WARN_OBJC_ROOT_CLASS = YES_ERROR;
				CLANG_WARN_QUOTED_INCLUDE_IN_FRAMEWORK_HEADER = YES;
				CLANG_WARN_RANGE_LOOP_ANALYSIS = YES;
				CLANG_WARN_STRICT_PROTOTYPES = YES;
				CLANG_WARN_SUSPICIOUS_MOVE = YES;
				CLANG_WARN_UNGUARDED_AVAILABILITY = YES_AGGRESSIVE;
				CLANG_WARN_UNREACHABLE_CODE = YES;
				CLANG_WARN__DUPLICATE_METHOD_MATCH = YES;
				COPY_PHASE_STRIP = NO;
				DEBUG_INFORMATION_FORMAT = dwarf;
				ENABLE_STRICT_OBJC_MSGSEND = YES;
				ENABLE_TESTABILITY = YES;
				GCC_C_LANGUAGE_STANDARD = gnu11;
				GCC_DYNAMIC_NO_PIC = NO;
				GCC_NO_COMMON_BLOCKS = YES;
				GCC_OPTIMIZATION_LEVEL = 0;
				GCC_PREPROCESSOR_DEFINITIONS = (
					"DEBUG=1",
					"$(inherited)",
				);
				GCC_WARN_64_TO_32_BIT_CONVERSION = YES;
				GCC_WARN_ABOUT_RETURN_TYPE = YES_ERROR;
				GCC_WARN_UNDECLARED_SELECTOR = YES;
				GCC_WARN_UNINITIALIZED_AUTOS = YES_AGGRESSIVE;
				GCC_WARN_UNUSED_FUNCTION = YES;
				GCC_WARN_UNUSED_VARIABLE = YES;
				IPHONEOS_DEPLOYMENT_TARGET = 16.2;
				MTL_ENABLE_DEBUG_INFO = INCLUDE_SOURCE;
				MTL_FAST_MATH = YES;
				ONLY_ACTIVE_ARCH = YES;
				SDKROOT = iphoneos;
				SWIFT_ACTIVE_COMPILATION_CONDITIONS = DEBUG;
				SWIFT_OPTIMIZATION_LEVEL = "-Onone";
			};
			name = Debug;
		};
		ACBA07F82A3728D600504F68 /* Release */ = {
			isa = XCBuildConfiguration;
			buildSettings = {
				ALWAYS_SEARCH_USER_PATHS = NO;
				CLANG_ANALYZER_NONNULL = YES;
				CLANG_ANALYZER_NUMBER_OBJECT_CONVERSION = YES_AGGRESSIVE;
				CLANG_CXX_LANGUAGE_STANDARD = "gnu++20";
				CLANG_ENABLE_MODULES = YES;
				CLANG_ENABLE_OBJC_ARC = YES;
				CLANG_ENABLE_OBJC_WEAK = YES;
				CLANG_WARN_BLOCK_CAPTURE_AUTORELEASING = YES;
				CLANG_WARN_BOOL_CONVERSION = YES;
				CLANG_WARN_COMMA = YES;
				CLANG_WARN_CONSTANT_CONVERSION = YES;
				CLANG_WARN_DEPRECATED_OBJC_IMPLEMENTATIONS = YES;
				CLANG_WARN_DIRECT_OBJC_ISA_USAGE = YES_ERROR;
				CLANG_WARN_DOCUMENTATION_COMMENTS = YES;
				CLANG_WARN_EMPTY_BODY = YES;
				CLANG_WARN_ENUM_CONVERSION = YES;
				CLANG_WARN_INFINITE_RECURSION = YES;
				CLANG_WARN_INT_CONVERSION = YES;
				CLANG_WARN_NON_LITERAL_NULL_CONVERSION = YES;
				CLANG_WARN_OBJC_IMPLICIT_RETAIN_SELF = YES;
				CLANG_WARN_OBJC_LITERAL_CONVERSION = YES;
				CLANG_WARN_OBJC_ROOT_CLASS = YES_ERROR;
				CLANG_WARN_QUOTED_INCLUDE_IN_FRAMEWORK_HEADER = YES;
				CLANG_WARN_RANGE_LOOP_ANALYSIS = YES;
				CLANG_WARN_STRICT_PROTOTYPES = YES;
				CLANG_WARN_SUSPICIOUS_MOVE = YES;
				CLANG_WARN_UNGUARDED_AVAILABILITY = YES_AGGRESSIVE;
				CLANG_WARN_UNREACHABLE_CODE = YES;
				CLANG_WARN__DUPLICATE_METHOD_MATCH = YES;
				COPY_PHASE_STRIP = NO;
				DEBUG_INFORMATION_FORMAT = "dwarf-with-dsym";
				ENABLE_NS_ASSERTIONS = NO;
				ENABLE_STRICT_OBJC_MSGSEND = YES;
				GCC_C_LANGUAGE_STANDARD = gnu11;
				GCC_NO_COMMON_BLOCKS = YES;
				GCC_WARN_64_TO_32_BIT_CONVERSION = YES;
				GCC_WARN_ABOUT_RETURN_TYPE = YES_ERROR;
				GCC_WARN_UNDECLARED_SELECTOR = YES;
				GCC_WARN_UNINITIALIZED_AUTOS = YES_AGGRESSIVE;
				GCC_WARN_UNUSED_FUNCTION = YES;
				GCC_WARN_UNUSED_VARIABLE = YES;
				IPHONEOS_DEPLOYMENT_TARGET = 16.2;
				MTL_ENABLE_DEBUG_INFO = NO;
				MTL_FAST_MATH = YES;
				SDKROOT = iphoneos;
				SWIFT_COMPILATION_MODE = wholemodule;
				SWIFT_OPTIMIZATION_LEVEL = "-O";
				VALIDATE_PRODUCT = YES;
			};
			name = Release;
		};
		ACBA07FA2A3728D600504F68 /* Debug */ = {
			isa = XCBuildConfiguration;
			buildSettings = {
				ASSETCATALOG_COMPILER_APPICON_NAME = AppIcon;
				ASSETCATALOG_COMPILER_GLOBAL_ACCENT_COLOR_NAME = AccentColor;
				CODE_SIGN_STYLE = Automatic;
				CURRENT_PROJECT_VERSION = 1;
				DEVELOPMENT_TEAM = F2XZ6X34LP;
				GENERATE_INFOPLIST_FILE = YES;
				INFOPLIST_FILE = ToDoList/Info.plist;
				INFOPLIST_KEY_UIApplicationSupportsIndirectInputEvents = YES;
				INFOPLIST_KEY_UILaunchStoryboardName = LaunchScreen;
				INFOPLIST_KEY_UIMainStoryboardFile = Main;
				INFOPLIST_KEY_UISupportedInterfaceOrientations_iPad = "UIInterfaceOrientationPortrait UIInterfaceOrientationPortraitUpsideDown UIInterfaceOrientationLandscapeLeft UIInterfaceOrientationLandscapeRight";
				INFOPLIST_KEY_UISupportedInterfaceOrientations_iPhone = "UIInterfaceOrientationPortrait UIInterfaceOrientationLandscapeLeft UIInterfaceOrientationLandscapeRight";
				LD_RUNPATH_SEARCH_PATHS = (
					"$(inherited)",
					"@executable_path/Frameworks",
				);
				MARKETING_VERSION = 1.0;
				PRODUCT_BUNDLE_IDENTIFIER = artem.ToDoList;
				PRODUCT_NAME = "$(TARGET_NAME)";
				SWIFT_EMIT_LOC_STRINGS = YES;
				SWIFT_VERSION = 5.0;
				TARGETED_DEVICE_FAMILY = "1,2";
			};
			name = Debug;
		};
		ACBA07FB2A3728D600504F68 /* Release */ = {
			isa = XCBuildConfiguration;
			buildSettings = {
				ASSETCATALOG_COMPILER_APPICON_NAME = AppIcon;
				ASSETCATALOG_COMPILER_GLOBAL_ACCENT_COLOR_NAME = AccentColor;
				CODE_SIGN_STYLE = Automatic;
				CURRENT_PROJECT_VERSION = 1;
				DEVELOPMENT_TEAM = F2XZ6X34LP;
				GENERATE_INFOPLIST_FILE = YES;
				INFOPLIST_FILE = ToDoList/Info.plist;
				INFOPLIST_KEY_UIApplicationSupportsIndirectInputEvents = YES;
				INFOPLIST_KEY_UILaunchStoryboardName = LaunchScreen;
				INFOPLIST_KEY_UIMainStoryboardFile = Main;
				INFOPLIST_KEY_UISupportedInterfaceOrientations_iPad = "UIInterfaceOrientationPortrait UIInterfaceOrientationPortraitUpsideDown UIInterfaceOrientationLandscapeLeft UIInterfaceOrientationLandscapeRight";
				INFOPLIST_KEY_UISupportedInterfaceOrientations_iPhone = "UIInterfaceOrientationPortrait UIInterfaceOrientationLandscapeLeft UIInterfaceOrientationLandscapeRight";
				LD_RUNPATH_SEARCH_PATHS = (
					"$(inherited)",
					"@executable_path/Frameworks",
				);
				MARKETING_VERSION = 1.0;
				PRODUCT_BUNDLE_IDENTIFIER = artem.ToDoList;
				PRODUCT_NAME = "$(TARGET_NAME)";
				SWIFT_EMIT_LOC_STRINGS = YES;
				SWIFT_VERSION = 5.0;
				TARGETED_DEVICE_FAMILY = "1,2";
			};
			name = Release;
		};
		ACBA07FD2A3728D600504F68 /* Debug */ = {
			isa = XCBuildConfiguration;
			buildSettings = {
				ALWAYS_EMBED_SWIFT_STANDARD_LIBRARIES = YES;
				BUNDLE_LOADER = "$(TEST_HOST)";
				CODE_SIGN_STYLE = Automatic;
				CURRENT_PROJECT_VERSION = 1;
				DEVELOPMENT_TEAM = F2XZ6X34LP;
				GENERATE_INFOPLIST_FILE = YES;
				IPHONEOS_DEPLOYMENT_TARGET = 16.2;
				MARKETING_VERSION = 1.0;
				PRODUCT_BUNDLE_IDENTIFIER = artem.ToDoListTests;
				PRODUCT_NAME = "$(TARGET_NAME)";
				SWIFT_EMIT_LOC_STRINGS = NO;
				SWIFT_VERSION = 5.0;
				TARGETED_DEVICE_FAMILY = "1,2";
				TEST_HOST = "$(BUILT_PRODUCTS_DIR)/ToDoList.app/$(BUNDLE_EXECUTABLE_FOLDER_PATH)/ToDoList";
			};
			name = Debug;
		};
		ACBA07FE2A3728D600504F68 /* Release */ = {
			isa = XCBuildConfiguration;
			buildSettings = {
				ALWAYS_EMBED_SWIFT_STANDARD_LIBRARIES = YES;
				BUNDLE_LOADER = "$(TEST_HOST)";
				CODE_SIGN_STYLE = Automatic;
				CURRENT_PROJECT_VERSION = 1;
				DEVELOPMENT_TEAM = F2XZ6X34LP;
				GENERATE_INFOPLIST_FILE = YES;
				IPHONEOS_DEPLOYMENT_TARGET = 16.2;
				MARKETING_VERSION = 1.0;
				PRODUCT_BUNDLE_IDENTIFIER = artem.ToDoListTests;
				PRODUCT_NAME = "$(TARGET_NAME)";
				SWIFT_EMIT_LOC_STRINGS = NO;
				SWIFT_VERSION = 5.0;
				TARGETED_DEVICE_FAMILY = "1,2";
				TEST_HOST = "$(BUILT_PRODUCTS_DIR)/ToDoList.app/$(BUNDLE_EXECUTABLE_FOLDER_PATH)/ToDoList";
			};
			name = Release;
		};
		ACBA08002A3728D600504F68 /* Debug */ = {
			isa = XCBuildConfiguration;
			buildSettings = {
				ALWAYS_EMBED_SWIFT_STANDARD_LIBRARIES = YES;
				CODE_SIGN_STYLE = Automatic;
				CURRENT_PROJECT_VERSION = 1;
				DEVELOPMENT_TEAM = F2XZ6X34LP;
				GENERATE_INFOPLIST_FILE = YES;
				MARKETING_VERSION = 1.0;
				PRODUCT_BUNDLE_IDENTIFIER = artem.ToDoListUITests;
				PRODUCT_NAME = "$(TARGET_NAME)";
				SWIFT_EMIT_LOC_STRINGS = NO;
				SWIFT_VERSION = 5.0;
				TARGETED_DEVICE_FAMILY = "1,2";
				TEST_TARGET_NAME = ToDoList;
			};
			name = Debug;
		};
		ACBA08012A3728D600504F68 /* Release */ = {
			isa = XCBuildConfiguration;
			buildSettings = {
				ALWAYS_EMBED_SWIFT_STANDARD_LIBRARIES = YES;
				CODE_SIGN_STYLE = Automatic;
				CURRENT_PROJECT_VERSION = 1;
				DEVELOPMENT_TEAM = F2XZ6X34LP;
				GENERATE_INFOPLIST_FILE = YES;
				MARKETING_VERSION = 1.0;
				PRODUCT_BUNDLE_IDENTIFIER = artem.ToDoListUITests;
				PRODUCT_NAME = "$(TARGET_NAME)";
				SWIFT_EMIT_LOC_STRINGS = NO;
				SWIFT_VERSION = 5.0;
				TARGETED_DEVICE_FAMILY = "1,2";
				TEST_TARGET_NAME = ToDoList;
			};
			name = Release;
		};
/* End XCBuildConfiguration section */

/* Begin XCConfigurationList section */
		ACBA07CA2A3728D500504F68 /* Build configuration list for PBXProject "ToDoList" */ = {
			isa = XCConfigurationList;
			buildConfigurations = (
				ACBA07F72A3728D600504F68 /* Debug */,
				ACBA07F82A3728D600504F68 /* Release */,
			);
			defaultConfigurationIsVisible = 0;
			defaultConfigurationName = Release;
		};
		ACBA07F92A3728D600504F68 /* Build configuration list for PBXNativeTarget "ToDoList" */ = {
			isa = XCConfigurationList;
			buildConfigurations = (
				ACBA07FA2A3728D600504F68 /* Debug */,
				ACBA07FB2A3728D600504F68 /* Release */,
			);
			defaultConfigurationIsVisible = 0;
			defaultConfigurationName = Release;
		};
		ACBA07FC2A3728D600504F68 /* Build configuration list for PBXNativeTarget "ToDoListTests" */ = {
			isa = XCConfigurationList;
			buildConfigurations = (
				ACBA07FD2A3728D600504F68 /* Debug */,
				ACBA07FE2A3728D600504F68 /* Release */,
			);
			defaultConfigurationIsVisible = 0;
			defaultConfigurationName = Release;
		};
		ACBA07FF2A3728D600504F68 /* Build configuration list for PBXNativeTarget "ToDoListUITests" */ = {
			isa = XCConfigurationList;
			buildConfigurations = (
				ACBA08002A3728D600504F68 /* Debug */,
				ACBA08012A3728D600504F68 /* Release */,
			);
			defaultConfigurationIsVisible = 0;
			defaultConfigurationName = Release;
		};
/* End XCConfigurationList section */
	};
	rootObject = ACBA07C72A3728D500504F68 /* Project object */;
}
